
Microsoft Visual Studio Solution File, Format Version 12.00
# Visual Studio 15
VisualStudioVersion = 15.0.28307.168
MinimumVisualStudioVersion = 10.0.40219.1
Project("{2150E333-8FDC-42A3-9474-1A3956D46DE8}") = "Solution Items", "Solution Items", "{40FB8D44-6AA0-458E-B889-4745CD7739B6}"
EndProject
Project("{F184B08F-C81C-45F6-A57F-5ABD9991F28F}") = "ServicioalCliente", "ServicioalCliente.vbproj", "{793261BF-BD66-4CBC-B47E-A7A03C4AE467}"
EndProject
Project("{F184B08F-C81C-45F6-A57F-5ABD9991F28F}") = "LayerPayments", "..\LayerPayments\LayerPayments.vbproj", "{3742BC7F-E0EB-4556-9EB1-5662A3BB4F1D}"
EndProject
Project("{F184B08F-C81C-45F6-A57F-5ABD9991F28F}") = "LayerShipping", "..\LayerShipping\LayerShipping.vbproj", "{D3A4A8CA-3857-4A5A-8434-0ABEAE5A1076}"
EndProject
Project("{F184B08F-C81C-45F6-A57F-5ABD9991F28F}") = "DataProvider", "..\DataProvider\DataProvider.vbproj", "{27DB5852-9FA6-4581-8D65-656C0735E875}"
EndProject
Project("{F184B08F-C81C-45F6-A57F-5ABD9991F28F}") = "LayerWarranty", "..\LayerWarranty\LayerWarranty.vbproj", "{7E0BB8DF-84D4-472C-8621-D23C9CF1EBAE}"
EndProject
Project("{F184B08F-C81C-45F6-A57F-5ABD9991F28F}") = "LayerCierres", "..\LayerCierres\LayerCierres.vbproj", "{C4BCD519-826E-46A9-9D05-410F4DE1481B}"
EndProject
Project("{FAE04EC0-301F-11D3-BF4B-00C04F79EFBC}") = "PuntosPremiate", "..\PuntosPremiate\PuntosPremiate.csproj", "{99790101-0F19-4D17-B266-F3942C937D3A}"
EndProject
Project("{FAE04EC0-301F-11D3-BF4B-00C04F79EFBC}") = "BonosExcelencia", "..\BonosExcelencia\BonosExcelencia.csproj", "{D93DAF87-D872-477B-AFAC-DCB3A547A00D}"
EndProject
Project("{FAE04EC0-301F-11D3-BF4B-00C04F79EFBC}") = "RegistrosDeVenta", "..\RegistrosDeVenta\RegistrosDeVenta.csproj", "{DC80C76E-2B3F-4478-AB1E-58672760A005}"
EndProject
Project("{FAE04EC0-301F-11D3-BF4B-00C04F79EFBC}") = "Actividades", "..\Actividades\Actividades.csproj", "{D354578B-E0FD-449F-BE16-BB6E3C3F9A99}"
EndProject
Project("{FAE04EC0-301F-11D3-BF4B-00C04F79EFBC}") = "Common.Entities", "..\Common.Entities\Common.Entities.csproj", "{C73695BD-053F-4BA3-92BC-69AE18FDB828}"
EndProject
Project("{FAE04EC0-301F-11D3-BF4B-00C04F79EFBC}") = "Facturacion.Entities", "..\Facturacion.Entities\Facturacion.Entities.csproj", "{8FD6C80D-C536-4C40-B522-389AFEA72BF8}"
EndProject
Project("{FAE04EC0-301F-11D3-BF4B-00C04F79EFBC}") = "Academic.Entities", "..\Academic.Entities\Academic.Entities.csproj", "{0A06920C-8541-40AC-B587-D4DC68419911}"
EndProject
Project("{F184B08F-C81C-45F6-A57F-5ABD9991F28F}") = "Academic.Reporting", "..\Academic.Reporting\Academic.Reporting.vbproj", "{4AEB4532-61B7-407C-9D2C-CC37A8239110}"
EndProject
Project("{FAE04EC0-301F-11D3-BF4B-00C04F79EFBC}") = "Survey.Entities", "Survey.Entities\Survey.Entities.csproj", "{140D339E-7C9B-4F7E-8CEF-919FB7FECF38}"
EndProject
Project("{FAE04EC0-301F-11D3-BF4B-00C04F79EFBC}") = "Survey.DataAccess", "Survey.DataAccess\Survey.DataAccess.csproj", "{C2B4D581-533A-4305-92CC-2AE1FA7BA62F}"
EndProject
Project("{FAE04EC0-301F-11D3-BF4B-00C04F79EFBC}") = "Survey.BusinessLayer", "..\Survey.BusinessLayer\Survey.BusinessLayer.csproj", "{FC02AB4C-EEA6-448B-96CB-C442BFB4E1AD}"
EndProject
Project("{F184B08F-C81C-45F6-A57F-5ABD9991F28F}") = "Academic", "..\Academic\Academic.vbproj", "{D80604E3-07A1-4628-B321-12B96B4FC1E2}"
EndProject
Project("{FAE04EC0-301F-11D3-BF4B-00C04F79EFBC}") = "Academic.Business", "..\Academic.Business\Academic.Business.csproj", "{87A99D6F-6D1B-4F21-9E17-8B8213871AA5}"
EndProject
Project("{FAE04EC0-301F-11D3-BF4B-00C04F79EFBC}") = "Academic.DataAccess", "..\Academic.DataAccess\Academic.DataAccess.csproj", "{BD511038-9B33-4583-997E-CE0EA069555C}"
EndProject
Project("{FAE04EC0-301F-11D3-BF4B-00C04F79EFBC}") = "CirculosExcelencia", "..\CirculosExcelencia\CirculosExcelencia.csproj", "{F9AC9674-F11F-4099-AB85-8088E7804226}"
EndProject
Project("{FAE04EC0-301F-11D3-BF4B-00C04F79EFBC}") = "Facturacion.BusinessLayer", "..\Facturacion.BusinessLayer\Facturacion.BusinessLayer.csproj", "{10DB0404-B7A0-4F31-B222-84B7B859B4DA}"
EndProject
Project("{FAE04EC0-301F-11D3-BF4B-00C04F79EFBC}") = "Facturacion.DataAccess", "..\Facturacion.DataAccess\Facturacion.DataAccess.csproj", "{CF278912-4253-4B99-8023-5C6C0F953209}"
EndProject
Project("{FAE04EC0-301F-11D3-BF4B-00C04F79EFBC}") = "Survey", "..\Survey\Survey.csproj", "{EB571878-BF65-42B3-9B1F-372B86C45EF6}"
EndProject
Project("{FAE04EC0-301F-11D3-BF4B-00C04F79EFBC}") = "Concursos", "..\Concursos\Concursos.csproj", "{13E3E05D-6F28-4CA3-82E9-DA0A044B181B}"
EndProject
Project("{FAE04EC0-301F-11D3-BF4B-00C04F79EFBC}") = "DashBoard", "..\DashBoard\DashBoard.csproj", "{9BE01DAB-6FA1-4CD0-8FBA-31A506DA1C42}"
EndProject
Project("{FAE04EC0-301F-11D3-BF4B-00C04F79EFBC}") = "UserAccessManager", "..\UserAccessManager\UserAccessManager.csproj", "{C37A56C8-E236-47D8-9718-6BE512951AA8}"
EndProject
Project("{FAE04EC0-301F-11D3-BF4B-00C04F79EFBC}") = "Personas", "..\..\..\Clases .net\Personas\Personas.csproj", "{19048A83-D1B1-41D5-8C60-DFAA4E44DF3B}"
EndProject
Project("{FAE04EC0-301F-11D3-BF4B-00C04F79EFBC}") = "FollowUp", "..\FollowUp\FollowUp.csproj", "{335BDDA2-C2E3-42FB-84DC-7DF749BCA6AE}"
EndProject
Project("{FAE04EC0-301F-11D3-BF4B-00C04F79EFBC}") = "Sales.Opportunities", "..\Sales.Opportunities\Sales.Opportunities.csproj", "{D572B582-6B0E-435C-AF10-9D62FBF41630}"
EndProject
Project("{FAE04EC0-301F-11D3-BF4B-00C04F79EFBC}") = "ConnectionStringManager", "..\..\..\Clases .net\ConnectionStringManager\ConnectionStringManager.csproj", "{31B84870-3ED3-4581-856B-67DBDD3BBCFE}"
EndProject
Project("{2150E333-8FDC-42A3-9474-1A3956D46DE8}") = "AfterSales", "AfterSales", "{17B15799-7417-45F1-9FDC-ACC2021F928D}"
EndProject
Project("{FAE04EC0-301F-11D3-BF4B-00C04F79EFBC}") = "AfterSales.Model", "..\AfterSales.Model\AfterSales.Model.csproj", "{D06F3CD2-DCEF-4D01-AF49-ABD9531A6A5C}"
EndProject
Project("{FAE04EC0-301F-11D3-BF4B-00C04F79EFBC}") = "AfterSales.Repositories.AdoRepositories", "..\AfterSales.Repositories.AdoRepository\AfterSales.Repositories.AdoRepositories.csproj", "{4A98B0E8-F76F-418F-9CD6-070884A92196}"
EndProject
Project("{FAE04EC0-301F-11D3-BF4B-00C04F79EFBC}") = "AfterSales", "..\Clientes.BusinessLayer\AfterSales\AfterSales.csproj", "{7F57C76B-5687-4F56-85AC-01526B9829C8}"
EndProject
Project("{FAE04EC0-301F-11D3-BF4B-00C04F79EFBC}") = "ClosuresSalesLib", "..\ClosuresSalesLib\ClosuresSalesLib.csproj", "{AEFAB77C-D795-48E3-A247-AD12D6EE27CA}"
EndProject
Project("{FAE04EC0-301F-11D3-BF4B-00C04F79EFBC}") = "Generic.Entities", "..\Generic.Entities\Generic.Entities.csproj", "{13B73679-C2AA-4F81-B8CE-16BB0B6C1C24}"
EndProject
Project("{FAE04EC0-301F-11D3-BF4B-00C04F79EFBC}") = "AfterSales.Repositories.Contracts", "..\AfterSales.Repositories.Contracts\AfterSales.Repositories.Contracts.csproj", "{3DC0039B-9EF1-4DDF-8171-54C1DC8F2276}"
EndProject
Project("{F184B08F-C81C-45F6-A57F-5ABD9991F28F}") = "TextMessageLib.Windows", "..\..\..\Mapped Team Projects\TextMessageLib\TextMessageLib.Windows\TextMessageLib.Windows.vbproj", "{8B800A1C-E148-4F4D-AB56-0D597EDDB56C}"
EndProject
Project("{FAE04EC0-301F-11D3-BF4B-00C04F79EFBC}") = "TextMessageLib", "..\..\..\Mapped Team Projects\TextMessageLib\TextMessageLib\TextMessageLib.csproj", "{17CFE0CF-5931-41F0-B06C-6D5963B55080}"
EndProject
Project("{FAE04EC0-301F-11D3-BF4B-00C04F79EFBC}") = "TextMessageLib.Model", "..\..\..\Mapped Team Projects\TextMessageLib\TextMessageLib.Model\TextMessageLib.Model.csproj", "{65EB5AF6-2942-4C54-B484-D0A2710C0DE5}"
EndProject
Project("{FAE04EC0-301F-11D3-BF4B-00C04F79EFBC}") = "TextMessageLib.DataAccess", "..\..\..\Mapped Team Projects\TextMessageLib\TextMessageLib.DataAccess\TextMessageLib.DataAccess.csproj", "{CD3CE5B4-1AD4-4C4F-A56E-04857BD2FF40}"
EndProject
Project("{FAE04EC0-301F-11D3-BF4B-00C04F79EFBC}") = "CustomORMLib", "..\..\Sakif2\Common\CustomORMLib\CustomORMLib.csproj", "{05FCEAB5-3889-427B-A172-A14A25FE610A}"
EndProject
Project("{FAE04EC0-301F-11D3-BF4B-00C04F79EFBC}") = "DataToBusinessParserLib", "..\..\Sakif2\Common\DataToBusinessParserLib\DataToBusinessParserLib.csproj", "{E7D78CD2-665B-4B30-879C-4038FF077FD5}"
EndProject
Project("{FAE04EC0-301F-11D3-BF4B-00C04F79EFBC}") = "DataWarehouseLib", "..\..\Sakif2\Common\DataWarehouseLib\DataWarehouseLib\DataWarehouseLib.csproj", "{EAA42E73-19AB-41B3-8766-99F53BEB2AB9}"
EndProject
Project("{FAE04EC0-301F-11D3-BF4B-00C04F79EFBC}") = "AccessDataLib", "..\AccessDataLib\AccessDataLib.csproj", "{536C963A-9631-4141-AE25-0CC5A87262A0}"
EndProject
Project("{FAE04EC0-301F-11D3-BF4B-00C04F79EFBC}") = "ServicioalCliente.Business", "..\ServicioalCliente.Model\ServicioalCliente.Business.csproj", "{BCFF2479-1713-4AF1-91B9-9A819DC2106F}"
EndProject
Project("{FAE04EC0-301F-11D3-BF4B-00C04F79EFBC}") = "ServicioalCliente.Infrastructure", "..\ServicioalCliente.Infrastructure\ServicioalCliente.Infrastructure.csproj", "{DE2C4C48-1211-498B-B44D-82910A4EE61A}"
EndProject
Project("{FAE04EC0-301F-11D3-BF4B-00C04F79EFBC}") = "DependencyInjector", "..\DependencyInjector\DependencyInjector.csproj", "{A3C3EF2D-7A9E-47FA-AA64-862DB91814EA}"
EndProject
Project("{FAE04EC0-301F-11D3-BF4B-00C04F79EFBC}") = "ServicioalCliente.Services", "..\ServicioalCliente.Services\ServicioalCliente.Services.csproj", "{82EC389A-67A4-4F31-9EBD-078DC18EB5D0}"
EndProject
Project("{FAE04EC0-301F-11D3-BF4B-00C04F79EFBC}") = "UserManagementLib", "..\..\..\..\Developments\.net\UserManagementLib\UserManagementLib\UserManagementLib.csproj", "{C79E0382-22C6-4BFD-9471-6A08E6D8A709}"
EndProject
Global
	GlobalSection(SolutionConfigurationPlatforms) = preSolution
		Debug|Any CPU = Debug|Any CPU
		Debug|Mixed Platforms = Debug|Mixed Platforms
		Debug|x64 = Debug|x64
		Debug|x86 = Debug|x86
		Release|Any CPU = Release|Any CPU
		Release|Mixed Platforms = Release|Mixed Platforms
		Release|x64 = Release|x64
		Release|x86 = Release|x86
	EndGlobalSection
	GlobalSection(ProjectConfigurationPlatforms) = postSolution
		{793261BF-BD66-4CBC-B47E-A7A03C4AE467}.Debug|Any CPU.ActiveCfg = Debug|Any CPU
		{793261BF-BD66-4CBC-B47E-A7A03C4AE467}.Debug|Any CPU.Build.0 = Debug|Any CPU
		{793261BF-BD66-4CBC-B47E-A7A03C4AE467}.Debug|Mixed Platforms.ActiveCfg = Debug|Any CPU
		{793261BF-BD66-4CBC-B47E-A7A03C4AE467}.Debug|Mixed Platforms.Build.0 = Debug|Any CPU
		{793261BF-BD66-4CBC-B47E-A7A03C4AE467}.Debug|x64.ActiveCfg = Debug|Any CPU
		{793261BF-BD66-4CBC-B47E-A7A03C4AE467}.Debug|x64.Build.0 = Debug|Any CPU
		{793261BF-BD66-4CBC-B47E-A7A03C4AE467}.Debug|x86.ActiveCfg = Debug|Any CPU
		{793261BF-BD66-4CBC-B47E-A7A03C4AE467}.Release|Any CPU.ActiveCfg = Release|Any CPU
		{793261BF-BD66-4CBC-B47E-A7A03C4AE467}.Release|Any CPU.Build.0 = Release|Any CPU
		{793261BF-BD66-4CBC-B47E-A7A03C4AE467}.Release|Mixed Platforms.ActiveCfg = Release|Any CPU
		{793261BF-BD66-4CBC-B47E-A7A03C4AE467}.Release|Mixed Platforms.Build.0 = Release|Any CPU
		{793261BF-BD66-4CBC-B47E-A7A03C4AE467}.Release|x64.ActiveCfg = Release|Any CPU
		{793261BF-BD66-4CBC-B47E-A7A03C4AE467}.Release|x64.Build.0 = Release|Any CPU
		{793261BF-BD66-4CBC-B47E-A7A03C4AE467}.Release|x86.ActiveCfg = Release|Any CPU
		{3742BC7F-E0EB-4556-9EB1-5662A3BB4F1D}.Debug|Any CPU.ActiveCfg = Debug|Any CPU
		{3742BC7F-E0EB-4556-9EB1-5662A3BB4F1D}.Debug|Any CPU.Build.0 = Debug|Any CPU
		{3742BC7F-E0EB-4556-9EB1-5662A3BB4F1D}.Debug|Mixed Platforms.ActiveCfg = Debug|Any CPU
		{3742BC7F-E0EB-4556-9EB1-5662A3BB4F1D}.Debug|Mixed Platforms.Build.0 = Debug|Any CPU
		{3742BC7F-E0EB-4556-9EB1-5662A3BB4F1D}.Debug|x64.ActiveCfg = Debug|Any CPU
		{3742BC7F-E0EB-4556-9EB1-5662A3BB4F1D}.Debug|x64.Build.0 = Debug|Any CPU
		{3742BC7F-E0EB-4556-9EB1-5662A3BB4F1D}.Debug|x86.ActiveCfg = Debug|Any CPU
		{3742BC7F-E0EB-4556-9EB1-5662A3BB4F1D}.Release|Any CPU.ActiveCfg = Release|Any CPU
		{3742BC7F-E0EB-4556-9EB1-5662A3BB4F1D}.Release|Any CPU.Build.0 = Release|Any CPU
		{3742BC7F-E0EB-4556-9EB1-5662A3BB4F1D}.Release|Mixed Platforms.ActiveCfg = Release|Any CPU
		{3742BC7F-E0EB-4556-9EB1-5662A3BB4F1D}.Release|Mixed Platforms.Build.0 = Release|Any CPU
		{3742BC7F-E0EB-4556-9EB1-5662A3BB4F1D}.Release|x64.ActiveCfg = Release|Any CPU
		{3742BC7F-E0EB-4556-9EB1-5662A3BB4F1D}.Release|x64.Build.0 = Release|Any CPU
		{3742BC7F-E0EB-4556-9EB1-5662A3BB4F1D}.Release|x86.ActiveCfg = Release|Any CPU
		{D3A4A8CA-3857-4A5A-8434-0ABEAE5A1076}.Debug|Any CPU.ActiveCfg = Debug|Any CPU
		{D3A4A8CA-3857-4A5A-8434-0ABEAE5A1076}.Debug|Any CPU.Build.0 = Debug|Any CPU
		{D3A4A8CA-3857-4A5A-8434-0ABEAE5A1076}.Debug|Mixed Platforms.ActiveCfg = Debug|Any CPU
		{D3A4A8CA-3857-4A5A-8434-0ABEAE5A1076}.Debug|Mixed Platforms.Build.0 = Debug|Any CPU
		{D3A4A8CA-3857-4A5A-8434-0ABEAE5A1076}.Debug|x64.ActiveCfg = Debug|Any CPU
		{D3A4A8CA-3857-4A5A-8434-0ABEAE5A1076}.Debug|x64.Build.0 = Debug|Any CPU
		{D3A4A8CA-3857-4A5A-8434-0ABEAE5A1076}.Debug|x86.ActiveCfg = Debug|Any CPU
		{D3A4A8CA-3857-4A5A-8434-0ABEAE5A1076}.Release|Any CPU.ActiveCfg = Release|Any CPU
		{D3A4A8CA-3857-4A5A-8434-0ABEAE5A1076}.Release|Any CPU.Build.0 = Release|Any CPU
		{D3A4A8CA-3857-4A5A-8434-0ABEAE5A1076}.Release|Mixed Platforms.ActiveCfg = Release|Any CPU
		{D3A4A8CA-3857-4A5A-8434-0ABEAE5A1076}.Release|Mixed Platforms.Build.0 = Release|Any CPU
		{D3A4A8CA-3857-4A5A-8434-0ABEAE5A1076}.Release|x64.ActiveCfg = Release|Any CPU
		{D3A4A8CA-3857-4A5A-8434-0ABEAE5A1076}.Release|x64.Build.0 = Release|Any CPU
		{D3A4A8CA-3857-4A5A-8434-0ABEAE5A1076}.Release|x86.ActiveCfg = Release|Any CPU
		{27DB5852-9FA6-4581-8D65-656C0735E875}.Debug|Any CPU.ActiveCfg = Debug|Any CPU
		{27DB5852-9FA6-4581-8D65-656C0735E875}.Debug|Any CPU.Build.0 = Debug|Any CPU
		{27DB5852-9FA6-4581-8D65-656C0735E875}.Debug|Mixed Platforms.ActiveCfg = Debug|Any CPU
		{27DB5852-9FA6-4581-8D65-656C0735E875}.Debug|Mixed Platforms.Build.0 = Debug|Any CPU
		{27DB5852-9FA6-4581-8D65-656C0735E875}.Debug|x64.ActiveCfg = Debug|Any CPU
		{27DB5852-9FA6-4581-8D65-656C0735E875}.Debug|x64.Build.0 = Debug|Any CPU
		{27DB5852-9FA6-4581-8D65-656C0735E875}.Debug|x86.ActiveCfg = Debug|Any CPU
		{27DB5852-9FA6-4581-8D65-656C0735E875}.Release|Any CPU.ActiveCfg = Release|Any CPU
		{27DB5852-9FA6-4581-8D65-656C0735E875}.Release|Any CPU.Build.0 = Release|Any CPU
		{27DB5852-9FA6-4581-8D65-656C0735E875}.Release|Mixed Platforms.ActiveCfg = Release|Any CPU
		{27DB5852-9FA6-4581-8D65-656C0735E875}.Release|Mixed Platforms.Build.0 = Release|Any CPU
		{27DB5852-9FA6-4581-8D65-656C0735E875}.Release|x64.ActiveCfg = Release|Any CPU
		{27DB5852-9FA6-4581-8D65-656C0735E875}.Release|x64.Build.0 = Release|Any CPU
		{27DB5852-9FA6-4581-8D65-656C0735E875}.Release|x86.ActiveCfg = Release|Any CPU
		{7E0BB8DF-84D4-472C-8621-D23C9CF1EBAE}.Debug|Any CPU.ActiveCfg = Debug|Any CPU
		{7E0BB8DF-84D4-472C-8621-D23C9CF1EBAE}.Debug|Any CPU.Build.0 = Debug|Any CPU
		{7E0BB8DF-84D4-472C-8621-D23C9CF1EBAE}.Debug|Mixed Platforms.ActiveCfg = Debug|Any CPU
		{7E0BB8DF-84D4-472C-8621-D23C9CF1EBAE}.Debug|Mixed Platforms.Build.0 = Debug|Any CPU
		{7E0BB8DF-84D4-472C-8621-D23C9CF1EBAE}.Debug|x64.ActiveCfg = Debug|Any CPU
		{7E0BB8DF-84D4-472C-8621-D23C9CF1EBAE}.Debug|x64.Build.0 = Debug|Any CPU
		{7E0BB8DF-84D4-472C-8621-D23C9CF1EBAE}.Debug|x86.ActiveCfg = Debug|Any CPU
		{7E0BB8DF-84D4-472C-8621-D23C9CF1EBAE}.Release|Any CPU.ActiveCfg = Release|Any CPU
		{7E0BB8DF-84D4-472C-8621-D23C9CF1EBAE}.Release|Any CPU.Build.0 = Release|Any CPU
		{7E0BB8DF-84D4-472C-8621-D23C9CF1EBAE}.Release|Mixed Platforms.ActiveCfg = Release|Any CPU
		{7E0BB8DF-84D4-472C-8621-D23C9CF1EBAE}.Release|Mixed Platforms.Build.0 = Release|Any CPU
		{7E0BB8DF-84D4-472C-8621-D23C9CF1EBAE}.Release|x64.ActiveCfg = Release|Any CPU
		{7E0BB8DF-84D4-472C-8621-D23C9CF1EBAE}.Release|x64.Build.0 = Release|Any CPU
		{7E0BB8DF-84D4-472C-8621-D23C9CF1EBAE}.Release|x86.ActiveCfg = Release|Any CPU
		{C4BCD519-826E-46A9-9D05-410F4DE1481B}.Debug|Any CPU.ActiveCfg = Debug|Any CPU
		{C4BCD519-826E-46A9-9D05-410F4DE1481B}.Debug|Any CPU.Build.0 = Debug|Any CPU
		{C4BCD519-826E-46A9-9D05-410F4DE1481B}.Debug|Mixed Platforms.ActiveCfg = Debug|Any CPU
		{C4BCD519-826E-46A9-9D05-410F4DE1481B}.Debug|Mixed Platforms.Build.0 = Debug|Any CPU
		{C4BCD519-826E-46A9-9D05-410F4DE1481B}.Debug|x64.ActiveCfg = Debug|Any CPU
		{C4BCD519-826E-46A9-9D05-410F4DE1481B}.Debug|x64.Build.0 = Debug|Any CPU
		{C4BCD519-826E-46A9-9D05-410F4DE1481B}.Debug|x86.ActiveCfg = Debug|Any CPU
		{C4BCD519-826E-46A9-9D05-410F4DE1481B}.Release|Any CPU.ActiveCfg = Release|Any CPU
		{C4BCD519-826E-46A9-9D05-410F4DE1481B}.Release|Any CPU.Build.0 = Release|Any CPU
		{C4BCD519-826E-46A9-9D05-410F4DE1481B}.Release|Mixed Platforms.ActiveCfg = Release|Any CPU
		{C4BCD519-826E-46A9-9D05-410F4DE1481B}.Release|Mixed Platforms.Build.0 = Release|Any CPU
		{C4BCD519-826E-46A9-9D05-410F4DE1481B}.Release|x64.ActiveCfg = Release|Any CPU
		{C4BCD519-826E-46A9-9D05-410F4DE1481B}.Release|x64.Build.0 = Release|Any CPU
		{C4BCD519-826E-46A9-9D05-410F4DE1481B}.Release|x86.ActiveCfg = Release|Any CPU
		{99790101-0F19-4D17-B266-F3942C937D3A}.Debug|Any CPU.ActiveCfg = Debug|Any CPU
		{99790101-0F19-4D17-B266-F3942C937D3A}.Debug|Any CPU.Build.0 = Debug|Any CPU
		{99790101-0F19-4D17-B266-F3942C937D3A}.Debug|Mixed Platforms.ActiveCfg = Debug|Any CPU
		{99790101-0F19-4D17-B266-F3942C937D3A}.Debug|Mixed Platforms.Build.0 = Debug|Any CPU
		{99790101-0F19-4D17-B266-F3942C937D3A}.Debug|x64.ActiveCfg = Debug|Any CPU
		{99790101-0F19-4D17-B266-F3942C937D3A}.Debug|x64.Build.0 = Debug|Any CPU
		{99790101-0F19-4D17-B266-F3942C937D3A}.Debug|x86.ActiveCfg = Debug|Any CPU
		{99790101-0F19-4D17-B266-F3942C937D3A}.Release|Any CPU.ActiveCfg = Release|Any CPU
		{99790101-0F19-4D17-B266-F3942C937D3A}.Release|Any CPU.Build.0 = Release|Any CPU
		{99790101-0F19-4D17-B266-F3942C937D3A}.Release|Mixed Platforms.ActiveCfg = Release|Any CPU
		{99790101-0F19-4D17-B266-F3942C937D3A}.Release|Mixed Platforms.Build.0 = Release|Any CPU
		{99790101-0F19-4D17-B266-F3942C937D3A}.Release|x64.ActiveCfg = Release|Any CPU
		{99790101-0F19-4D17-B266-F3942C937D3A}.Release|x64.Build.0 = Release|Any CPU
		{99790101-0F19-4D17-B266-F3942C937D3A}.Release|x86.ActiveCfg = Release|Any CPU
		{D93DAF87-D872-477B-AFAC-DCB3A547A00D}.Debug|Any CPU.ActiveCfg = Debug|Any CPU
		{D93DAF87-D872-477B-AFAC-DCB3A547A00D}.Debug|Any CPU.Build.0 = Debug|Any CPU
		{D93DAF87-D872-477B-AFAC-DCB3A547A00D}.Debug|Mixed Platforms.ActiveCfg = Debug|Any CPU
		{D93DAF87-D872-477B-AFAC-DCB3A547A00D}.Debug|Mixed Platforms.Build.0 = Debug|Any CPU
		{D93DAF87-D872-477B-AFAC-DCB3A547A00D}.Debug|x64.ActiveCfg = Debug|Any CPU
		{D93DAF87-D872-477B-AFAC-DCB3A547A00D}.Debug|x64.Build.0 = Debug|Any CPU
		{D93DAF87-D872-477B-AFAC-DCB3A547A00D}.Debug|x86.ActiveCfg = Debug|Any CPU
		{D93DAF87-D872-477B-AFAC-DCB3A547A00D}.Release|Any CPU.ActiveCfg = Release|Any CPU
		{D93DAF87-D872-477B-AFAC-DCB3A547A00D}.Release|Any CPU.Build.0 = Release|Any CPU
		{D93DAF87-D872-477B-AFAC-DCB3A547A00D}.Release|Mixed Platforms.ActiveCfg = Release|Any CPU
		{D93DAF87-D872-477B-AFAC-DCB3A547A00D}.Release|Mixed Platforms.Build.0 = Release|Any CPU
		{D93DAF87-D872-477B-AFAC-DCB3A547A00D}.Release|x64.ActiveCfg = Release|Any CPU
		{D93DAF87-D872-477B-AFAC-DCB3A547A00D}.Release|x64.Build.0 = Release|Any CPU
		{D93DAF87-D872-477B-AFAC-DCB3A547A00D}.Release|x86.ActiveCfg = Release|Any CPU
		{DC80C76E-2B3F-4478-AB1E-58672760A005}.Debug|Any CPU.ActiveCfg = Debug|Any CPU
		{DC80C76E-2B3F-4478-AB1E-58672760A005}.Debug|Mixed Platforms.ActiveCfg = Debug|Any CPU
		{DC80C76E-2B3F-4478-AB1E-58672760A005}.Debug|Mixed Platforms.Build.0 = Debug|Any CPU
		{DC80C76E-2B3F-4478-AB1E-58672760A005}.Debug|x64.ActiveCfg = Debug|Any CPU
		{DC80C76E-2B3F-4478-AB1E-58672760A005}.Debug|x64.Build.0 = Debug|Any CPU
		{DC80C76E-2B3F-4478-AB1E-58672760A005}.Debug|x86.ActiveCfg = Debug|x86
		{DC80C76E-2B3F-4478-AB1E-58672760A005}.Debug|x86.Build.0 = Debug|x86
		{DC80C76E-2B3F-4478-AB1E-58672760A005}.Release|Any CPU.ActiveCfg = Release|x86
		{DC80C76E-2B3F-4478-AB1E-58672760A005}.Release|Mixed Platforms.ActiveCfg = Release|x86
		{DC80C76E-2B3F-4478-AB1E-58672760A005}.Release|Mixed Platforms.Build.0 = Release|x86
		{DC80C76E-2B3F-4478-AB1E-58672760A005}.Release|x64.ActiveCfg = Release|Any CPU
		{DC80C76E-2B3F-4478-AB1E-58672760A005}.Release|x64.Build.0 = Release|Any CPU
		{DC80C76E-2B3F-4478-AB1E-58672760A005}.Release|x86.ActiveCfg = Release|x86
		{DC80C76E-2B3F-4478-AB1E-58672760A005}.Release|x86.Build.0 = Release|x86
		{D354578B-E0FD-449F-BE16-BB6E3C3F9A99}.Debug|Any CPU.ActiveCfg = Debug|Any CPU
		{D354578B-E0FD-449F-BE16-BB6E3C3F9A99}.Debug|Any CPU.Build.0 = Debug|Any CPU
		{D354578B-E0FD-449F-BE16-BB6E3C3F9A99}.Debug|Mixed Platforms.ActiveCfg = Debug|Any CPU
		{D354578B-E0FD-449F-BE16-BB6E3C3F9A99}.Debug|Mixed Platforms.Build.0 = Debug|Any CPU
		{D354578B-E0FD-449F-BE16-BB6E3C3F9A99}.Debug|x64.ActiveCfg = Debug|Any CPU
		{D354578B-E0FD-449F-BE16-BB6E3C3F9A99}.Debug|x64.Build.0 = Debug|Any CPU
		{D354578B-E0FD-449F-BE16-BB6E3C3F9A99}.Debug|x86.ActiveCfg = Debug|Any CPU
		{D354578B-E0FD-449F-BE16-BB6E3C3F9A99}.Release|Any CPU.ActiveCfg = Release|Any CPU
		{D354578B-E0FD-449F-BE16-BB6E3C3F9A99}.Release|Any CPU.Build.0 = Release|Any CPU
		{D354578B-E0FD-449F-BE16-BB6E3C3F9A99}.Release|Mixed Platforms.ActiveCfg = Release|Any CPU
		{D354578B-E0FD-449F-BE16-BB6E3C3F9A99}.Release|Mixed Platforms.Build.0 = Release|Any CPU
		{D354578B-E0FD-449F-BE16-BB6E3C3F9A99}.Release|x64.ActiveCfg = Release|Any CPU
		{D354578B-E0FD-449F-BE16-BB6E3C3F9A99}.Release|x64.Build.0 = Release|Any CPU
		{D354578B-E0FD-449F-BE16-BB6E3C3F9A99}.Release|x86.ActiveCfg = Release|Any CPU
		{C73695BD-053F-4BA3-92BC-69AE18FDB828}.Debug|Any CPU.ActiveCfg = Debug|Any CPU
		{C73695BD-053F-4BA3-92BC-69AE18FDB828}.Debug|Any CPU.Build.0 = Debug|Any CPU
		{C73695BD-053F-4BA3-92BC-69AE18FDB828}.Debug|Mixed Platforms.ActiveCfg = Debug|Any CPU
		{C73695BD-053F-4BA3-92BC-69AE18FDB828}.Debug|Mixed Platforms.Build.0 = Debug|Any CPU
		{C73695BD-053F-4BA3-92BC-69AE18FDB828}.Debug|x64.ActiveCfg = Debug|Any CPU
		{C73695BD-053F-4BA3-92BC-69AE18FDB828}.Debug|x64.Build.0 = Debug|Any CPU
		{C73695BD-053F-4BA3-92BC-69AE18FDB828}.Debug|x86.ActiveCfg = Debug|Any CPU
		{C73695BD-053F-4BA3-92BC-69AE18FDB828}.Release|Any CPU.ActiveCfg = Release|Any CPU
		{C73695BD-053F-4BA3-92BC-69AE18FDB828}.Release|Any CPU.Build.0 = Release|Any CPU
		{C73695BD-053F-4BA3-92BC-69AE18FDB828}.Release|Mixed Platforms.ActiveCfg = Release|Any CPU
		{C73695BD-053F-4BA3-92BC-69AE18FDB828}.Release|Mixed Platforms.Build.0 = Release|Any CPU
		{C73695BD-053F-4BA3-92BC-69AE18FDB828}.Release|x64.ActiveCfg = Release|Any CPU
		{C73695BD-053F-4BA3-92BC-69AE18FDB828}.Release|x64.Build.0 = Release|Any CPU
		{C73695BD-053F-4BA3-92BC-69AE18FDB828}.Release|x86.ActiveCfg = Release|Any CPU
		{8FD6C80D-C536-4C40-B522-389AFEA72BF8}.Debug|Any CPU.ActiveCfg = Debug|Any CPU
		{8FD6C80D-C536-4C40-B522-389AFEA72BF8}.Debug|Any CPU.Build.0 = Debug|Any CPU
		{8FD6C80D-C536-4C40-B522-389AFEA72BF8}.Debug|Mixed Platforms.ActiveCfg = Debug|Any CPU
		{8FD6C80D-C536-4C40-B522-389AFEA72BF8}.Debug|Mixed Platforms.Build.0 = Debug|Any CPU
		{8FD6C80D-C536-4C40-B522-389AFEA72BF8}.Debug|x64.ActiveCfg = Debug|Any CPU
		{8FD6C80D-C536-4C40-B522-389AFEA72BF8}.Debug|x64.Build.0 = Debug|Any CPU
		{8FD6C80D-C536-4C40-B522-389AFEA72BF8}.Debug|x86.ActiveCfg = Debug|Any CPU
		{8FD6C80D-C536-4C40-B522-389AFEA72BF8}.Release|Any CPU.ActiveCfg = Release|Any CPU
		{8FD6C80D-C536-4C40-B522-389AFEA72BF8}.Release|Any CPU.Build.0 = Release|Any CPU
		{8FD6C80D-C536-4C40-B522-389AFEA72BF8}.Release|Mixed Platforms.ActiveCfg = Release|Any CPU
		{8FD6C80D-C536-4C40-B522-389AFEA72BF8}.Release|Mixed Platforms.Build.0 = Release|Any CPU
		{8FD6C80D-C536-4C40-B522-389AFEA72BF8}.Release|x64.ActiveCfg = Release|Any CPU
		{8FD6C80D-C536-4C40-B522-389AFEA72BF8}.Release|x64.Build.0 = Release|Any CPU
		{8FD6C80D-C536-4C40-B522-389AFEA72BF8}.Release|x86.ActiveCfg = Release|Any CPU
		{0A06920C-8541-40AC-B587-D4DC68419911}.Debug|Any CPU.ActiveCfg = Debug|Any CPU
		{0A06920C-8541-40AC-B587-D4DC68419911}.Debug|Any CPU.Build.0 = Debug|Any CPU
		{0A06920C-8541-40AC-B587-D4DC68419911}.Debug|Mixed Platforms.ActiveCfg = Debug|Any CPU
		{0A06920C-8541-40AC-B587-D4DC68419911}.Debug|Mixed Platforms.Build.0 = Debug|Any CPU
		{0A06920C-8541-40AC-B587-D4DC68419911}.Debug|x64.ActiveCfg = Debug|Any CPU
		{0A06920C-8541-40AC-B587-D4DC68419911}.Debug|x64.Build.0 = Debug|Any CPU
		{0A06920C-8541-40AC-B587-D4DC68419911}.Debug|x86.ActiveCfg = Debug|Any CPU
		{0A06920C-8541-40AC-B587-D4DC68419911}.Release|Any CPU.ActiveCfg = Release|Any CPU
		{0A06920C-8541-40AC-B587-D4DC68419911}.Release|Any CPU.Build.0 = Release|Any CPU
		{0A06920C-8541-40AC-B587-D4DC68419911}.Release|Mixed Platforms.ActiveCfg = Release|Any CPU
		{0A06920C-8541-40AC-B587-D4DC68419911}.Release|Mixed Platforms.Build.0 = Release|Any CPU
		{0A06920C-8541-40AC-B587-D4DC68419911}.Release|x64.ActiveCfg = Release|Any CPU
		{0A06920C-8541-40AC-B587-D4DC68419911}.Release|x64.Build.0 = Release|Any CPU
		{0A06920C-8541-40AC-B587-D4DC68419911}.Release|x86.ActiveCfg = Release|Any CPU
		{4AEB4532-61B7-407C-9D2C-CC37A8239110}.Debug|Any CPU.ActiveCfg = Debug|Any CPU
		{4AEB4532-61B7-407C-9D2C-CC37A8239110}.Debug|Mixed Platforms.ActiveCfg = Debug|x86
		{4AEB4532-61B7-407C-9D2C-CC37A8239110}.Debug|Mixed Platforms.Build.0 = Debug|x86
		{4AEB4532-61B7-407C-9D2C-CC37A8239110}.Debug|x64.ActiveCfg = Debug|Any CPU
		{4AEB4532-61B7-407C-9D2C-CC37A8239110}.Debug|x64.Build.0 = Debug|Any CPU
		{4AEB4532-61B7-407C-9D2C-CC37A8239110}.Debug|x86.ActiveCfg = Debug|x86
		{4AEB4532-61B7-407C-9D2C-CC37A8239110}.Debug|x86.Build.0 = Debug|x86
		{4AEB4532-61B7-407C-9D2C-CC37A8239110}.Release|Any CPU.ActiveCfg = Release|x86
		{4AEB4532-61B7-407C-9D2C-CC37A8239110}.Release|Mixed Platforms.ActiveCfg = Release|x86
		{4AEB4532-61B7-407C-9D2C-CC37A8239110}.Release|Mixed Platforms.Build.0 = Release|x86
		{4AEB4532-61B7-407C-9D2C-CC37A8239110}.Release|x64.ActiveCfg = Release|Any CPU
		{4AEB4532-61B7-407C-9D2C-CC37A8239110}.Release|x64.Build.0 = Release|Any CPU
		{4AEB4532-61B7-407C-9D2C-CC37A8239110}.Release|x86.ActiveCfg = Release|x86
		{4AEB4532-61B7-407C-9D2C-CC37A8239110}.Release|x86.Build.0 = Release|x86
		{140D339E-7C9B-4F7E-8CEF-919FB7FECF38}.Debug|Any CPU.ActiveCfg = Debug|Any CPU
		{140D339E-7C9B-4F7E-8CEF-919FB7FECF38}.Debug|Any CPU.Build.0 = Debug|Any CPU
		{140D339E-7C9B-4F7E-8CEF-919FB7FECF38}.Debug|Mixed Platforms.ActiveCfg = Debug|Any CPU
		{140D339E-7C9B-4F7E-8CEF-919FB7FECF38}.Debug|Mixed Platforms.Build.0 = Debug|Any CPU
		{140D339E-7C9B-4F7E-8CEF-919FB7FECF38}.Debug|x64.ActiveCfg = Debug|Any CPU
		{140D339E-7C9B-4F7E-8CEF-919FB7FECF38}.Debug|x64.Build.0 = Debug|Any CPU
		{140D339E-7C9B-4F7E-8CEF-919FB7FECF38}.Debug|x86.ActiveCfg = Debug|Any CPU
		{140D339E-7C9B-4F7E-8CEF-919FB7FECF38}.Release|Any CPU.ActiveCfg = Release|Any CPU
		{140D339E-7C9B-4F7E-8CEF-919FB7FECF38}.Release|Any CPU.Build.0 = Release|Any CPU
		{140D339E-7C9B-4F7E-8CEF-919FB7FECF38}.Release|Mixed Platforms.ActiveCfg = Release|Any CPU
		{140D339E-7C9B-4F7E-8CEF-919FB7FECF38}.Release|Mixed Platforms.Build.0 = Release|Any CPU
		{140D339E-7C9B-4F7E-8CEF-919FB7FECF38}.Release|x64.ActiveCfg = Release|Any CPU
		{140D339E-7C9B-4F7E-8CEF-919FB7FECF38}.Release|x64.Build.0 = Release|Any CPU
		{140D339E-7C9B-4F7E-8CEF-919FB7FECF38}.Release|x86.ActiveCfg = Release|Any CPU
		{C2B4D581-533A-4305-92CC-2AE1FA7BA62F}.Debug|Any CPU.ActiveCfg = Debug|Any CPU
		{C2B4D581-533A-4305-92CC-2AE1FA7BA62F}.Debug|Any CPU.Build.0 = Debug|Any CPU
		{C2B4D581-533A-4305-92CC-2AE1FA7BA62F}.Debug|Mixed Platforms.ActiveCfg = Debug|Any CPU
		{C2B4D581-533A-4305-92CC-2AE1FA7BA62F}.Debug|Mixed Platforms.Build.0 = Debug|Any CPU
		{C2B4D581-533A-4305-92CC-2AE1FA7BA62F}.Debug|x64.ActiveCfg = Debug|Any CPU
		{C2B4D581-533A-4305-92CC-2AE1FA7BA62F}.Debug|x64.Build.0 = Debug|Any CPU
		{C2B4D581-533A-4305-92CC-2AE1FA7BA62F}.Debug|x86.ActiveCfg = Debug|Any CPU
		{C2B4D581-533A-4305-92CC-2AE1FA7BA62F}.Release|Any CPU.ActiveCfg = Release|Any CPU
		{C2B4D581-533A-4305-92CC-2AE1FA7BA62F}.Release|Any CPU.Build.0 = Release|Any CPU
		{C2B4D581-533A-4305-92CC-2AE1FA7BA62F}.Release|Mixed Platforms.ActiveCfg = Release|Any CPU
		{C2B4D581-533A-4305-92CC-2AE1FA7BA62F}.Release|Mixed Platforms.Build.0 = Release|Any CPU
		{C2B4D581-533A-4305-92CC-2AE1FA7BA62F}.Release|x64.ActiveCfg = Release|Any CPU
		{C2B4D581-533A-4305-92CC-2AE1FA7BA62F}.Release|x64.Build.0 = Release|Any CPU
		{C2B4D581-533A-4305-92CC-2AE1FA7BA62F}.Release|x86.ActiveCfg = Release|Any CPU
		{FC02AB4C-EEA6-448B-96CB-C442BFB4E1AD}.Debug|Any CPU.ActiveCfg = Debug|Any CPU
		{FC02AB4C-EEA6-448B-96CB-C442BFB4E1AD}.Debug|Any CPU.Build.0 = Debug|Any CPU
		{FC02AB4C-EEA6-448B-96CB-C442BFB4E1AD}.Debug|Mixed Platforms.ActiveCfg = Debug|Any CPU
		{FC02AB4C-EEA6-448B-96CB-C442BFB4E1AD}.Debug|Mixed Platforms.Build.0 = Debug|Any CPU
		{FC02AB4C-EEA6-448B-96CB-C442BFB4E1AD}.Debug|x64.ActiveCfg = Debug|Any CPU
		{FC02AB4C-EEA6-448B-96CB-C442BFB4E1AD}.Debug|x64.Build.0 = Debug|Any CPU
		{FC02AB4C-EEA6-448B-96CB-C442BFB4E1AD}.Debug|x86.ActiveCfg = Debug|Any CPU
		{FC02AB4C-EEA6-448B-96CB-C442BFB4E1AD}.Release|Any CPU.ActiveCfg = Release|Any CPU
		{FC02AB4C-EEA6-448B-96CB-C442BFB4E1AD}.Release|Any CPU.Build.0 = Release|Any CPU
		{FC02AB4C-EEA6-448B-96CB-C442BFB4E1AD}.Release|Mixed Platforms.ActiveCfg = Release|Any CPU
		{FC02AB4C-EEA6-448B-96CB-C442BFB4E1AD}.Release|Mixed Platforms.Build.0 = Release|Any CPU
		{FC02AB4C-EEA6-448B-96CB-C442BFB4E1AD}.Release|x64.ActiveCfg = Release|Any CPU
		{FC02AB4C-EEA6-448B-96CB-C442BFB4E1AD}.Release|x64.Build.0 = Release|Any CPU
		{FC02AB4C-EEA6-448B-96CB-C442BFB4E1AD}.Release|x86.ActiveCfg = Release|Any CPU
		{D80604E3-07A1-4628-B321-12B96B4FC1E2}.Debug|Any CPU.ActiveCfg = Debug|x86
		{D80604E3-07A1-4628-B321-12B96B4FC1E2}.Debug|Mixed Platforms.ActiveCfg = Debug|x86
		{D80604E3-07A1-4628-B321-12B96B4FC1E2}.Debug|Mixed Platforms.Build.0 = Debug|x86
		{D80604E3-07A1-4628-B321-12B96B4FC1E2}.Debug|x64.ActiveCfg = Debug|x86
		{D80604E3-07A1-4628-B321-12B96B4FC1E2}.Debug|x86.ActiveCfg = Debug|x86
		{D80604E3-07A1-4628-B321-12B96B4FC1E2}.Debug|x86.Build.0 = Debug|x86
		{D80604E3-07A1-4628-B321-12B96B4FC1E2}.Release|Any CPU.ActiveCfg = Release|x86
		{D80604E3-07A1-4628-B321-12B96B4FC1E2}.Release|Mixed Platforms.ActiveCfg = Release|x86
		{D80604E3-07A1-4628-B321-12B96B4FC1E2}.Release|Mixed Platforms.Build.0 = Release|x86
		{D80604E3-07A1-4628-B321-12B96B4FC1E2}.Release|x64.ActiveCfg = Release|x86
		{D80604E3-07A1-4628-B321-12B96B4FC1E2}.Release|x86.ActiveCfg = Release|x86
		{D80604E3-07A1-4628-B321-12B96B4FC1E2}.Release|x86.Build.0 = Release|x86
		{87A99D6F-6D1B-4F21-9E17-8B8213871AA5}.Debug|Any CPU.ActiveCfg = Debug|Any CPU
		{87A99D6F-6D1B-4F21-9E17-8B8213871AA5}.Debug|Any CPU.Build.0 = Debug|Any CPU
		{87A99D6F-6D1B-4F21-9E17-8B8213871AA5}.Debug|Mixed Platforms.ActiveCfg = Debug|Any CPU
		{87A99D6F-6D1B-4F21-9E17-8B8213871AA5}.Debug|Mixed Platforms.Build.0 = Debug|Any CPU
		{87A99D6F-6D1B-4F21-9E17-8B8213871AA5}.Debug|x64.ActiveCfg = Debug|Any CPU
		{87A99D6F-6D1B-4F21-9E17-8B8213871AA5}.Debug|x64.Build.0 = Debug|Any CPU
		{87A99D6F-6D1B-4F21-9E17-8B8213871AA5}.Debug|x86.ActiveCfg = Debug|Any CPU
		{87A99D6F-6D1B-4F21-9E17-8B8213871AA5}.Release|Any CPU.ActiveCfg = Release|Any CPU
		{87A99D6F-6D1B-4F21-9E17-8B8213871AA5}.Release|Any CPU.Build.0 = Release|Any CPU
		{87A99D6F-6D1B-4F21-9E17-8B8213871AA5}.Release|Mixed Platforms.ActiveCfg = Release|Any CPU
		{87A99D6F-6D1B-4F21-9E17-8B8213871AA5}.Release|Mixed Platforms.Build.0 = Release|Any CPU
		{87A99D6F-6D1B-4F21-9E17-8B8213871AA5}.Release|x64.ActiveCfg = Release|Any CPU
		{87A99D6F-6D1B-4F21-9E17-8B8213871AA5}.Release|x64.Build.0 = Release|Any CPU
		{87A99D6F-6D1B-4F21-9E17-8B8213871AA5}.Release|x86.ActiveCfg = Release|Any CPU
		{BD511038-9B33-4583-997E-CE0EA069555C}.Debug|Any CPU.ActiveCfg = Debug|Any CPU
		{BD511038-9B33-4583-997E-CE0EA069555C}.Debug|Any CPU.Build.0 = Debug|Any CPU
		{BD511038-9B33-4583-997E-CE0EA069555C}.Debug|Mixed Platforms.ActiveCfg = Debug|Any CPU
		{BD511038-9B33-4583-997E-CE0EA069555C}.Debug|Mixed Platforms.Build.0 = Debug|Any CPU
		{BD511038-9B33-4583-997E-CE0EA069555C}.Debug|x64.ActiveCfg = Debug|Any CPU
		{BD511038-9B33-4583-997E-CE0EA069555C}.Debug|x64.Build.0 = Debug|Any CPU
		{BD511038-9B33-4583-997E-CE0EA069555C}.Debug|x86.ActiveCfg = Debug|Any CPU
		{BD511038-9B33-4583-997E-CE0EA069555C}.Release|Any CPU.ActiveCfg = Release|Any CPU
		{BD511038-9B33-4583-997E-CE0EA069555C}.Release|Any CPU.Build.0 = Release|Any CPU
		{BD511038-9B33-4583-997E-CE0EA069555C}.Release|Mixed Platforms.ActiveCfg = Release|Any CPU
		{BD511038-9B33-4583-997E-CE0EA069555C}.Release|Mixed Platforms.Build.0 = Release|Any CPU
		{BD511038-9B33-4583-997E-CE0EA069555C}.Release|x64.ActiveCfg = Release|Any CPU
		{BD511038-9B33-4583-997E-CE0EA069555C}.Release|x64.Build.0 = Release|Any CPU
		{BD511038-9B33-4583-997E-CE0EA069555C}.Release|x86.ActiveCfg = Release|Any CPU
		{F9AC9674-F11F-4099-AB85-8088E7804226}.Debug|Any CPU.ActiveCfg = Debug|Any CPU
		{F9AC9674-F11F-4099-AB85-8088E7804226}.Debug|Any CPU.Build.0 = Debug|Any CPU
		{F9AC9674-F11F-4099-AB85-8088E7804226}.Debug|Mixed Platforms.ActiveCfg = Debug|Any CPU
		{F9AC9674-F11F-4099-AB85-8088E7804226}.Debug|Mixed Platforms.Build.0 = Debug|Any CPU
		{F9AC9674-F11F-4099-AB85-8088E7804226}.Debug|x64.ActiveCfg = Debug|Any CPU
		{F9AC9674-F11F-4099-AB85-8088E7804226}.Debug|x64.Build.0 = Debug|Any CPU
		{F9AC9674-F11F-4099-AB85-8088E7804226}.Debug|x86.ActiveCfg = Debug|Any CPU
		{F9AC9674-F11F-4099-AB85-8088E7804226}.Release|Any CPU.ActiveCfg = Release|Any CPU
		{F9AC9674-F11F-4099-AB85-8088E7804226}.Release|Any CPU.Build.0 = Release|Any CPU
		{F9AC9674-F11F-4099-AB85-8088E7804226}.Release|Mixed Platforms.ActiveCfg = Release|Any CPU
		{F9AC9674-F11F-4099-AB85-8088E7804226}.Release|Mixed Platforms.Build.0 = Release|Any CPU
		{F9AC9674-F11F-4099-AB85-8088E7804226}.Release|x64.ActiveCfg = Release|Any CPU
		{F9AC9674-F11F-4099-AB85-8088E7804226}.Release|x64.Build.0 = Release|Any CPU
		{F9AC9674-F11F-4099-AB85-8088E7804226}.Release|x86.ActiveCfg = Release|Any CPU
		{10DB0404-B7A0-4F31-B222-84B7B859B4DA}.Debug|Any CPU.ActiveCfg = Debug|Any CPU
		{10DB0404-B7A0-4F31-B222-84B7B859B4DA}.Debug|Any CPU.Build.0 = Debug|Any CPU
		{10DB0404-B7A0-4F31-B222-84B7B859B4DA}.Debug|Mixed Platforms.ActiveCfg = Debug|Any CPU
		{10DB0404-B7A0-4F31-B222-84B7B859B4DA}.Debug|Mixed Platforms.Build.0 = Debug|Any CPU
		{10DB0404-B7A0-4F31-B222-84B7B859B4DA}.Debug|x64.ActiveCfg = Debug|Any CPU
		{10DB0404-B7A0-4F31-B222-84B7B859B4DA}.Debug|x64.Build.0 = Debug|Any CPU
		{10DB0404-B7A0-4F31-B222-84B7B859B4DA}.Debug|x86.ActiveCfg = Debug|Any CPU
		{10DB0404-B7A0-4F31-B222-84B7B859B4DA}.Release|Any CPU.ActiveCfg = Release|Any CPU
		{10DB0404-B7A0-4F31-B222-84B7B859B4DA}.Release|Any CPU.Build.0 = Release|Any CPU
		{10DB0404-B7A0-4F31-B222-84B7B859B4DA}.Release|Mixed Platforms.ActiveCfg = Release|Any CPU
		{10DB0404-B7A0-4F31-B222-84B7B859B4DA}.Release|Mixed Platforms.Build.0 = Release|Any CPU
		{10DB0404-B7A0-4F31-B222-84B7B859B4DA}.Release|x64.ActiveCfg = Release|Any CPU
		{10DB0404-B7A0-4F31-B222-84B7B859B4DA}.Release|x64.Build.0 = Release|Any CPU
		{10DB0404-B7A0-4F31-B222-84B7B859B4DA}.Release|x86.ActiveCfg = Release|Any CPU
		{CF278912-4253-4B99-8023-5C6C0F953209}.Debug|Any CPU.ActiveCfg = Debug|Any CPU
		{CF278912-4253-4B99-8023-5C6C0F953209}.Debug|Any CPU.Build.0 = Debug|Any CPU
		{CF278912-4253-4B99-8023-5C6C0F953209}.Debug|Mixed Platforms.ActiveCfg = Debug|Any CPU
		{CF278912-4253-4B99-8023-5C6C0F953209}.Debug|Mixed Platforms.Build.0 = Debug|Any CPU
		{CF278912-4253-4B99-8023-5C6C0F953209}.Debug|x64.ActiveCfg = Debug|Any CPU
		{CF278912-4253-4B99-8023-5C6C0F953209}.Debug|x64.Build.0 = Debug|Any CPU
		{CF278912-4253-4B99-8023-5C6C0F953209}.Debug|x86.ActiveCfg = Debug|Any CPU
		{CF278912-4253-4B99-8023-5C6C0F953209}.Release|Any CPU.ActiveCfg = Release|Any CPU
		{CF278912-4253-4B99-8023-5C6C0F953209}.Release|Any CPU.Build.0 = Release|Any CPU
		{CF278912-4253-4B99-8023-5C6C0F953209}.Release|Mixed Platforms.ActiveCfg = Release|Any CPU
		{CF278912-4253-4B99-8023-5C6C0F953209}.Release|Mixed Platforms.Build.0 = Release|Any CPU
		{CF278912-4253-4B99-8023-5C6C0F953209}.Release|x64.ActiveCfg = Release|Any CPU
		{CF278912-4253-4B99-8023-5C6C0F953209}.Release|x64.Build.0 = Release|Any CPU
		{CF278912-4253-4B99-8023-5C6C0F953209}.Release|x86.ActiveCfg = Release|Any CPU
		{EB571878-BF65-42B3-9B1F-372B86C45EF6}.Debug|Any CPU.ActiveCfg = Debug|Any CPU
		{EB571878-BF65-42B3-9B1F-372B86C45EF6}.Debug|Any CPU.Build.0 = Debug|Any CPU
		{EB571878-BF65-42B3-9B1F-372B86C45EF6}.Debug|Mixed Platforms.ActiveCfg = Debug|Any CPU
		{EB571878-BF65-42B3-9B1F-372B86C45EF6}.Debug|Mixed Platforms.Build.0 = Debug|Any CPU
		{EB571878-BF65-42B3-9B1F-372B86C45EF6}.Debug|x64.ActiveCfg = Debug|Any CPU
		{EB571878-BF65-42B3-9B1F-372B86C45EF6}.Debug|x64.Build.0 = Debug|Any CPU
		{EB571878-BF65-42B3-9B1F-372B86C45EF6}.Debug|x86.ActiveCfg = Debug|Any CPU
		{EB571878-BF65-42B3-9B1F-372B86C45EF6}.Release|Any CPU.ActiveCfg = Release|Any CPU
		{EB571878-BF65-42B3-9B1F-372B86C45EF6}.Release|Any CPU.Build.0 = Release|Any CPU
		{EB571878-BF65-42B3-9B1F-372B86C45EF6}.Release|Mixed Platforms.ActiveCfg = Release|Any CPU
		{EB571878-BF65-42B3-9B1F-372B86C45EF6}.Release|Mixed Platforms.Build.0 = Release|Any CPU
		{EB571878-BF65-42B3-9B1F-372B86C45EF6}.Release|x64.ActiveCfg = Release|Any CPU
		{EB571878-BF65-42B3-9B1F-372B86C45EF6}.Release|x64.Build.0 = Release|Any CPU
		{EB571878-BF65-42B3-9B1F-372B86C45EF6}.Release|x86.ActiveCfg = Release|Any CPU
		{13E3E05D-6F28-4CA3-82E9-DA0A044B181B}.Debug|Any CPU.ActiveCfg = Debug|Any CPU
		{13E3E05D-6F28-4CA3-82E9-DA0A044B181B}.Debug|Any CPU.Build.0 = Debug|Any CPU
		{13E3E05D-6F28-4CA3-82E9-DA0A044B181B}.Debug|Mixed Platforms.ActiveCfg = Debug|Any CPU
		{13E3E05D-6F28-4CA3-82E9-DA0A044B181B}.Debug|Mixed Platforms.Build.0 = Debug|Any CPU
		{13E3E05D-6F28-4CA3-82E9-DA0A044B181B}.Debug|x64.ActiveCfg = Debug|Any CPU
		{13E3E05D-6F28-4CA3-82E9-DA0A044B181B}.Debug|x64.Build.0 = Debug|Any CPU
		{13E3E05D-6F28-4CA3-82E9-DA0A044B181B}.Debug|x86.ActiveCfg = Debug|Any CPU
		{13E3E05D-6F28-4CA3-82E9-DA0A044B181B}.Release|Any CPU.ActiveCfg = Release|Any CPU
		{13E3E05D-6F28-4CA3-82E9-DA0A044B181B}.Release|Any CPU.Build.0 = Release|Any CPU
		{13E3E05D-6F28-4CA3-82E9-DA0A044B181B}.Release|Mixed Platforms.ActiveCfg = Release|Any CPU
		{13E3E05D-6F28-4CA3-82E9-DA0A044B181B}.Release|Mixed Platforms.Build.0 = Release|Any CPU
		{13E3E05D-6F28-4CA3-82E9-DA0A044B181B}.Release|x64.ActiveCfg = Release|Any CPU
		{13E3E05D-6F28-4CA3-82E9-DA0A044B181B}.Release|x64.Build.0 = Release|Any CPU
		{13E3E05D-6F28-4CA3-82E9-DA0A044B181B}.Release|x86.ActiveCfg = Release|Any CPU
		{9BE01DAB-6FA1-4CD0-8FBA-31A506DA1C42}.Debug|Any CPU.ActiveCfg = Debug|Any CPU
		{9BE01DAB-6FA1-4CD0-8FBA-31A506DA1C42}.Debug|Any CPU.Build.0 = Debug|Any CPU
		{9BE01DAB-6FA1-4CD0-8FBA-31A506DA1C42}.Debug|Mixed Platforms.ActiveCfg = Debug|Any CPU
		{9BE01DAB-6FA1-4CD0-8FBA-31A506DA1C42}.Debug|Mixed Platforms.Build.0 = Debug|Any CPU
		{9BE01DAB-6FA1-4CD0-8FBA-31A506DA1C42}.Debug|x64.ActiveCfg = Debug|Any CPU
		{9BE01DAB-6FA1-4CD0-8FBA-31A506DA1C42}.Debug|x64.Build.0 = Debug|Any CPU
		{9BE01DAB-6FA1-4CD0-8FBA-31A506DA1C42}.Debug|x86.ActiveCfg = Debug|Any CPU
		{9BE01DAB-6FA1-4CD0-8FBA-31A506DA1C42}.Release|Any CPU.ActiveCfg = Release|Any CPU
		{9BE01DAB-6FA1-4CD0-8FBA-31A506DA1C42}.Release|Any CPU.Build.0 = Release|Any CPU
		{9BE01DAB-6FA1-4CD0-8FBA-31A506DA1C42}.Release|Mixed Platforms.ActiveCfg = Release|Any CPU
		{9BE01DAB-6FA1-4CD0-8FBA-31A506DA1C42}.Release|Mixed Platforms.Build.0 = Release|Any CPU
		{9BE01DAB-6FA1-4CD0-8FBA-31A506DA1C42}.Release|x64.ActiveCfg = Release|Any CPU
		{9BE01DAB-6FA1-4CD0-8FBA-31A506DA1C42}.Release|x64.Build.0 = Release|Any CPU
		{9BE01DAB-6FA1-4CD0-8FBA-31A506DA1C42}.Release|x86.ActiveCfg = Release|Any CPU
		{C37A56C8-E236-47D8-9718-6BE512951AA8}.Debug|Any CPU.ActiveCfg = Debug|Any CPU
		{C37A56C8-E236-47D8-9718-6BE512951AA8}.Debug|Any CPU.Build.0 = Debug|Any CPU
		{C37A56C8-E236-47D8-9718-6BE512951AA8}.Debug|Mixed Platforms.ActiveCfg = Debug|Any CPU
		{C37A56C8-E236-47D8-9718-6BE512951AA8}.Debug|Mixed Platforms.Build.0 = Debug|Any CPU
		{C37A56C8-E236-47D8-9718-6BE512951AA8}.Debug|x64.ActiveCfg = Debug|Any CPU
		{C37A56C8-E236-47D8-9718-6BE512951AA8}.Debug|x64.Build.0 = Debug|Any CPU
		{C37A56C8-E236-47D8-9718-6BE512951AA8}.Debug|x86.ActiveCfg = Debug|Any CPU
		{C37A56C8-E236-47D8-9718-6BE512951AA8}.Release|Any CPU.ActiveCfg = Release|Any CPU
		{C37A56C8-E236-47D8-9718-6BE512951AA8}.Release|Any CPU.Build.0 = Release|Any CPU
		{C37A56C8-E236-47D8-9718-6BE512951AA8}.Release|Mixed Platforms.ActiveCfg = Release|Any CPU
		{C37A56C8-E236-47D8-9718-6BE512951AA8}.Release|Mixed Platforms.Build.0 = Release|Any CPU
		{C37A56C8-E236-47D8-9718-6BE512951AA8}.Release|x64.ActiveCfg = Release|Any CPU
		{C37A56C8-E236-47D8-9718-6BE512951AA8}.Release|x64.Build.0 = Release|Any CPU
		{C37A56C8-E236-47D8-9718-6BE512951AA8}.Release|x86.ActiveCfg = Release|Any CPU
		{19048A83-D1B1-41D5-8C60-DFAA4E44DF3B}.Debug|Any CPU.ActiveCfg = Debug|Any CPU
		{19048A83-D1B1-41D5-8C60-DFAA4E44DF3B}.Debug|Any CPU.Build.0 = Debug|Any CPU
		{19048A83-D1B1-41D5-8C60-DFAA4E44DF3B}.Debug|Mixed Platforms.ActiveCfg = Debug|Any CPU
		{19048A83-D1B1-41D5-8C60-DFAA4E44DF3B}.Debug|Mixed Platforms.Build.0 = Debug|Any CPU
		{19048A83-D1B1-41D5-8C60-DFAA4E44DF3B}.Debug|x64.ActiveCfg = Debug|Any CPU
		{19048A83-D1B1-41D5-8C60-DFAA4E44DF3B}.Debug|x64.Build.0 = Debug|Any CPU
		{19048A83-D1B1-41D5-8C60-DFAA4E44DF3B}.Debug|x86.ActiveCfg = Debug|Any CPU
		{19048A83-D1B1-41D5-8C60-DFAA4E44DF3B}.Release|Any CPU.ActiveCfg = Release|Any CPU
		{19048A83-D1B1-41D5-8C60-DFAA4E44DF3B}.Release|Any CPU.Build.0 = Release|Any CPU
		{19048A83-D1B1-41D5-8C60-DFAA4E44DF3B}.Release|Mixed Platforms.ActiveCfg = Release|Any CPU
		{19048A83-D1B1-41D5-8C60-DFAA4E44DF3B}.Release|Mixed Platforms.Build.0 = Release|Any CPU
		{19048A83-D1B1-41D5-8C60-DFAA4E44DF3B}.Release|x64.ActiveCfg = Release|Any CPU
		{19048A83-D1B1-41D5-8C60-DFAA4E44DF3B}.Release|x64.Build.0 = Release|Any CPU
		{19048A83-D1B1-41D5-8C60-DFAA4E44DF3B}.Release|x86.ActiveCfg = Release|Any CPU
		{335BDDA2-C2E3-42FB-84DC-7DF749BCA6AE}.Debug|Any CPU.ActiveCfg = Debug|Any CPU
		{335BDDA2-C2E3-42FB-84DC-7DF749BCA6AE}.Debug|Any CPU.Build.0 = Debug|Any CPU
		{335BDDA2-C2E3-42FB-84DC-7DF749BCA6AE}.Debug|Mixed Platforms.ActiveCfg = Debug|Any CPU
		{335BDDA2-C2E3-42FB-84DC-7DF749BCA6AE}.Debug|Mixed Platforms.Build.0 = Debug|Any CPU
		{335BDDA2-C2E3-42FB-84DC-7DF749BCA6AE}.Debug|x64.ActiveCfg = Debug|Any CPU
		{335BDDA2-C2E3-42FB-84DC-7DF749BCA6AE}.Debug|x64.Build.0 = Debug|Any CPU
		{335BDDA2-C2E3-42FB-84DC-7DF749BCA6AE}.Debug|x86.ActiveCfg = Debug|Any CPU
		{335BDDA2-C2E3-42FB-84DC-7DF749BCA6AE}.Release|Any CPU.ActiveCfg = Release|Any CPU
		{335BDDA2-C2E3-42FB-84DC-7DF749BCA6AE}.Release|Any CPU.Build.0 = Release|Any CPU
		{335BDDA2-C2E3-42FB-84DC-7DF749BCA6AE}.Release|Mixed Platforms.ActiveCfg = Release|Any CPU
		{335BDDA2-C2E3-42FB-84DC-7DF749BCA6AE}.Release|Mixed Platforms.Build.0 = Release|Any CPU
		{335BDDA2-C2E3-42FB-84DC-7DF749BCA6AE}.Release|x64.ActiveCfg = Release|Any CPU
		{335BDDA2-C2E3-42FB-84DC-7DF749BCA6AE}.Release|x64.Build.0 = Release|Any CPU
		{335BDDA2-C2E3-42FB-84DC-7DF749BCA6AE}.Release|x86.ActiveCfg = Release|Any CPU
		{D572B582-6B0E-435C-AF10-9D62FBF41630}.Debug|Any CPU.ActiveCfg = Debug|Any CPU
		{D572B582-6B0E-435C-AF10-9D62FBF41630}.Debug|Any CPU.Build.0 = Debug|Any CPU
		{D572B582-6B0E-435C-AF10-9D62FBF41630}.Debug|Mixed Platforms.ActiveCfg = Debug|Any CPU
		{D572B582-6B0E-435C-AF10-9D62FBF41630}.Debug|Mixed Platforms.Build.0 = Debug|Any CPU
		{D572B582-6B0E-435C-AF10-9D62FBF41630}.Debug|x64.ActiveCfg = Debug|Any CPU
		{D572B582-6B0E-435C-AF10-9D62FBF41630}.Debug|x64.Build.0 = Debug|Any CPU
		{D572B582-6B0E-435C-AF10-9D62FBF41630}.Debug|x86.ActiveCfg = Debug|Any CPU
		{D572B582-6B0E-435C-AF10-9D62FBF41630}.Release|Any CPU.ActiveCfg = Release|Any CPU
		{D572B582-6B0E-435C-AF10-9D62FBF41630}.Release|Any CPU.Build.0 = Release|Any CPU
		{D572B582-6B0E-435C-AF10-9D62FBF41630}.Release|Mixed Platforms.ActiveCfg = Release|Any CPU
		{D572B582-6B0E-435C-AF10-9D62FBF41630}.Release|Mixed Platforms.Build.0 = Release|Any CPU
		{D572B582-6B0E-435C-AF10-9D62FBF41630}.Release|x64.ActiveCfg = Release|Any CPU
		{D572B582-6B0E-435C-AF10-9D62FBF41630}.Release|x64.Build.0 = Release|Any CPU
		{D572B582-6B0E-435C-AF10-9D62FBF41630}.Release|x86.ActiveCfg = Release|Any CPU
		{31B84870-3ED3-4581-856B-67DBDD3BBCFE}.Debug|Any CPU.ActiveCfg = Debug|Any CPU
		{31B84870-3ED3-4581-856B-67DBDD3BBCFE}.Debug|Any CPU.Build.0 = Debug|Any CPU
		{31B84870-3ED3-4581-856B-67DBDD3BBCFE}.Debug|Mixed Platforms.ActiveCfg = Debug|Any CPU
		{31B84870-3ED3-4581-856B-67DBDD3BBCFE}.Debug|Mixed Platforms.Build.0 = Debug|Any CPU
		{31B84870-3ED3-4581-856B-67DBDD3BBCFE}.Debug|x64.ActiveCfg = Debug|Any CPU
		{31B84870-3ED3-4581-856B-67DBDD3BBCFE}.Debug|x64.Build.0 = Debug|Any CPU
		{31B84870-3ED3-4581-856B-67DBDD3BBCFE}.Debug|x86.ActiveCfg = Debug|Any CPU
		{31B84870-3ED3-4581-856B-67DBDD3BBCFE}.Release|Any CPU.ActiveCfg = Release|Any CPU
		{31B84870-3ED3-4581-856B-67DBDD3BBCFE}.Release|Any CPU.Build.0 = Release|Any CPU
		{31B84870-3ED3-4581-856B-67DBDD3BBCFE}.Release|Mixed Platforms.ActiveCfg = Release|Any CPU
		{31B84870-3ED3-4581-856B-67DBDD3BBCFE}.Release|Mixed Platforms.Build.0 = Release|Any CPU
		{31B84870-3ED3-4581-856B-67DBDD3BBCFE}.Release|x64.ActiveCfg = Release|Any CPU
		{31B84870-3ED3-4581-856B-67DBDD3BBCFE}.Release|x64.Build.0 = Release|Any CPU
		{31B84870-3ED3-4581-856B-67DBDD3BBCFE}.Release|x86.ActiveCfg = Release|Any CPU
		{D06F3CD2-DCEF-4D01-AF49-ABD9531A6A5C}.Debug|Any CPU.ActiveCfg = Debug|Any CPU
		{D06F3CD2-DCEF-4D01-AF49-ABD9531A6A5C}.Debug|Any CPU.Build.0 = Debug|Any CPU
		{D06F3CD2-DCEF-4D01-AF49-ABD9531A6A5C}.Debug|Mixed Platforms.ActiveCfg = Debug|Any CPU
		{D06F3CD2-DCEF-4D01-AF49-ABD9531A6A5C}.Debug|Mixed Platforms.Build.0 = Debug|Any CPU
		{D06F3CD2-DCEF-4D01-AF49-ABD9531A6A5C}.Debug|x64.ActiveCfg = Debug|Any CPU
		{D06F3CD2-DCEF-4D01-AF49-ABD9531A6A5C}.Debug|x64.Build.0 = Debug|Any CPU
		{D06F3CD2-DCEF-4D01-AF49-ABD9531A6A5C}.Debug|x86.ActiveCfg = Debug|Any CPU
		{D06F3CD2-DCEF-4D01-AF49-ABD9531A6A5C}.Release|Any CPU.ActiveCfg = Release|Any CPU
		{D06F3CD2-DCEF-4D01-AF49-ABD9531A6A5C}.Release|Any CPU.Build.0 = Release|Any CPU
		{D06F3CD2-DCEF-4D01-AF49-ABD9531A6A5C}.Release|Mixed Platforms.ActiveCfg = Release|Any CPU
		{D06F3CD2-DCEF-4D01-AF49-ABD9531A6A5C}.Release|Mixed Platforms.Build.0 = Release|Any CPU
		{D06F3CD2-DCEF-4D01-AF49-ABD9531A6A5C}.Release|x64.ActiveCfg = Release|Any CPU
		{D06F3CD2-DCEF-4D01-AF49-ABD9531A6A5C}.Release|x64.Build.0 = Release|Any CPU
		{D06F3CD2-DCEF-4D01-AF49-ABD9531A6A5C}.Release|x86.ActiveCfg = Release|Any CPU
		{4A98B0E8-F76F-418F-9CD6-070884A92196}.Debug|Any CPU.ActiveCfg = Debug|Any CPU
		{4A98B0E8-F76F-418F-9CD6-070884A92196}.Debug|Any CPU.Build.0 = Debug|Any CPU
		{4A98B0E8-F76F-418F-9CD6-070884A92196}.Debug|Mixed Platforms.ActiveCfg = Debug|Any CPU
		{4A98B0E8-F76F-418F-9CD6-070884A92196}.Debug|Mixed Platforms.Build.0 = Debug|Any CPU
		{4A98B0E8-F76F-418F-9CD6-070884A92196}.Debug|x64.ActiveCfg = Debug|Any CPU
		{4A98B0E8-F76F-418F-9CD6-070884A92196}.Debug|x64.Build.0 = Debug|Any CPU
		{4A98B0E8-F76F-418F-9CD6-070884A92196}.Debug|x86.ActiveCfg = Debug|Any CPU
		{4A98B0E8-F76F-418F-9CD6-070884A92196}.Release|Any CPU.ActiveCfg = Release|Any CPU
		{4A98B0E8-F76F-418F-9CD6-070884A92196}.Release|Any CPU.Build.0 = Release|Any CPU
		{4A98B0E8-F76F-418F-9CD6-070884A92196}.Release|Mixed Platforms.ActiveCfg = Release|Any CPU
		{4A98B0E8-F76F-418F-9CD6-070884A92196}.Release|Mixed Platforms.Build.0 = Release|Any CPU
		{4A98B0E8-F76F-418F-9CD6-070884A92196}.Release|x64.ActiveCfg = Release|Any CPU
		{4A98B0E8-F76F-418F-9CD6-070884A92196}.Release|x64.Build.0 = Release|Any CPU
		{4A98B0E8-F76F-418F-9CD6-070884A92196}.Release|x86.ActiveCfg = Release|Any CPU
		{7F57C76B-5687-4F56-85AC-01526B9829C8}.Debug|Any CPU.ActiveCfg = Debug|Any CPU
		{7F57C76B-5687-4F56-85AC-01526B9829C8}.Debug|Any CPU.Build.0 = Debug|Any CPU
		{7F57C76B-5687-4F56-85AC-01526B9829C8}.Debug|Mixed Platforms.ActiveCfg = Debug|Any CPU
		{7F57C76B-5687-4F56-85AC-01526B9829C8}.Debug|Mixed Platforms.Build.0 = Debug|Any CPU
		{7F57C76B-5687-4F56-85AC-01526B9829C8}.Debug|x64.ActiveCfg = Debug|Any CPU
		{7F57C76B-5687-4F56-85AC-01526B9829C8}.Debug|x64.Build.0 = Debug|Any CPU
		{7F57C76B-5687-4F56-85AC-01526B9829C8}.Debug|x86.ActiveCfg = Debug|Any CPU
		{7F57C76B-5687-4F56-85AC-01526B9829C8}.Release|Any CPU.ActiveCfg = Release|Any CPU
		{7F57C76B-5687-4F56-85AC-01526B9829C8}.Release|Any CPU.Build.0 = Release|Any CPU
		{7F57C76B-5687-4F56-85AC-01526B9829C8}.Release|Mixed Platforms.ActiveCfg = Release|Any CPU
		{7F57C76B-5687-4F56-85AC-01526B9829C8}.Release|Mixed Platforms.Build.0 = Release|Any CPU
		{7F57C76B-5687-4F56-85AC-01526B9829C8}.Release|x64.ActiveCfg = Release|Any CPU
		{7F57C76B-5687-4F56-85AC-01526B9829C8}.Release|x64.Build.0 = Release|Any CPU
		{7F57C76B-5687-4F56-85AC-01526B9829C8}.Release|x86.ActiveCfg = Release|Any CPU
		{AEFAB77C-D795-48E3-A247-AD12D6EE27CA}.Debug|Any CPU.ActiveCfg = Debug|x86
		{AEFAB77C-D795-48E3-A247-AD12D6EE27CA}.Debug|Mixed Platforms.ActiveCfg = Debug|x86
		{AEFAB77C-D795-48E3-A247-AD12D6EE27CA}.Debug|Mixed Platforms.Build.0 = Debug|x86
		{AEFAB77C-D795-48E3-A247-AD12D6EE27CA}.Debug|x64.ActiveCfg = Debug|x86
		{AEFAB77C-D795-48E3-A247-AD12D6EE27CA}.Debug|x86.ActiveCfg = Debug|x86
		{AEFAB77C-D795-48E3-A247-AD12D6EE27CA}.Debug|x86.Build.0 = Debug|x86
		{AEFAB77C-D795-48E3-A247-AD12D6EE27CA}.Release|Any CPU.ActiveCfg = Release|x86
		{AEFAB77C-D795-48E3-A247-AD12D6EE27CA}.Release|Mixed Platforms.ActiveCfg = Release|x86
		{AEFAB77C-D795-48E3-A247-AD12D6EE27CA}.Release|Mixed Platforms.Build.0 = Release|x86
		{AEFAB77C-D795-48E3-A247-AD12D6EE27CA}.Release|x64.ActiveCfg = Release|x86
		{AEFAB77C-D795-48E3-A247-AD12D6EE27CA}.Release|x86.ActiveCfg = Release|x86
		{AEFAB77C-D795-48E3-A247-AD12D6EE27CA}.Release|x86.Build.0 = Release|x86
		{13B73679-C2AA-4F81-B8CE-16BB0B6C1C24}.Debug|Any CPU.ActiveCfg = Debug|Any CPU
		{13B73679-C2AA-4F81-B8CE-16BB0B6C1C24}.Debug|Any CPU.Build.0 = Debug|Any CPU
		{13B73679-C2AA-4F81-B8CE-16BB0B6C1C24}.Debug|Mixed Platforms.ActiveCfg = Debug|Any CPU
		{13B73679-C2AA-4F81-B8CE-16BB0B6C1C24}.Debug|Mixed Platforms.Build.0 = Debug|Any CPU
		{13B73679-C2AA-4F81-B8CE-16BB0B6C1C24}.Debug|x64.ActiveCfg = Debug|Any CPU
		{13B73679-C2AA-4F81-B8CE-16BB0B6C1C24}.Debug|x64.Build.0 = Debug|Any CPU
		{13B73679-C2AA-4F81-B8CE-16BB0B6C1C24}.Debug|x86.ActiveCfg = Debug|Any CPU
		{13B73679-C2AA-4F81-B8CE-16BB0B6C1C24}.Release|Any CPU.ActiveCfg = Release|Any CPU
		{13B73679-C2AA-4F81-B8CE-16BB0B6C1C24}.Release|Any CPU.Build.0 = Release|Any CPU
		{13B73679-C2AA-4F81-B8CE-16BB0B6C1C24}.Release|Mixed Platforms.ActiveCfg = Release|Any CPU
		{13B73679-C2AA-4F81-B8CE-16BB0B6C1C24}.Release|Mixed Platforms.Build.0 = Release|Any CPU
		{13B73679-C2AA-4F81-B8CE-16BB0B6C1C24}.Release|x64.ActiveCfg = Release|Any CPU
		{13B73679-C2AA-4F81-B8CE-16BB0B6C1C24}.Release|x64.Build.0 = Release|Any CPU
		{13B73679-C2AA-4F81-B8CE-16BB0B6C1C24}.Release|x86.ActiveCfg = Release|Any CPU
		{3DC0039B-9EF1-4DDF-8171-54C1DC8F2276}.Debug|Any CPU.ActiveCfg = Debug|Any CPU
		{3DC0039B-9EF1-4DDF-8171-54C1DC8F2276}.Debug|Any CPU.Build.0 = Debug|Any CPU
		{3DC0039B-9EF1-4DDF-8171-54C1DC8F2276}.Debug|Mixed Platforms.ActiveCfg = Debug|Any CPU
		{3DC0039B-9EF1-4DDF-8171-54C1DC8F2276}.Debug|Mixed Platforms.Build.0 = Debug|Any CPU
		{3DC0039B-9EF1-4DDF-8171-54C1DC8F2276}.Debug|x64.ActiveCfg = Debug|Any CPU
		{3DC0039B-9EF1-4DDF-8171-54C1DC8F2276}.Debug|x64.Build.0 = Debug|Any CPU
		{3DC0039B-9EF1-4DDF-8171-54C1DC8F2276}.Debug|x86.ActiveCfg = Debug|Any CPU
		{3DC0039B-9EF1-4DDF-8171-54C1DC8F2276}.Release|Any CPU.ActiveCfg = Release|Any CPU
		{3DC0039B-9EF1-4DDF-8171-54C1DC8F2276}.Release|Any CPU.Build.0 = Release|Any CPU
		{3DC0039B-9EF1-4DDF-8171-54C1DC8F2276}.Release|Mixed Platforms.ActiveCfg = Release|Any CPU
		{3DC0039B-9EF1-4DDF-8171-54C1DC8F2276}.Release|Mixed Platforms.Build.0 = Release|Any CPU
		{3DC0039B-9EF1-4DDF-8171-54C1DC8F2276}.Release|x64.ActiveCfg = Release|Any CPU
		{3DC0039B-9EF1-4DDF-8171-54C1DC8F2276}.Release|x64.Build.0 = Release|Any CPU
		{3DC0039B-9EF1-4DDF-8171-54C1DC8F2276}.Release|x86.ActiveCfg = Release|Any CPU
		{8B800A1C-E148-4F4D-AB56-0D597EDDB56C}.Debug|Any CPU.ActiveCfg = Debug|Any CPU
		{8B800A1C-E148-4F4D-AB56-0D597EDDB56C}.Debug|Any CPU.Build.0 = Debug|Any CPU
		{8B800A1C-E148-4F4D-AB56-0D597EDDB56C}.Debug|Mixed Platforms.ActiveCfg = Debug|Any CPU
		{8B800A1C-E148-4F4D-AB56-0D597EDDB56C}.Debug|Mixed Platforms.Build.0 = Debug|Any CPU
		{8B800A1C-E148-4F4D-AB56-0D597EDDB56C}.Debug|x64.ActiveCfg = Debug|Any CPU
		{8B800A1C-E148-4F4D-AB56-0D597EDDB56C}.Debug|x64.Build.0 = Debug|Any CPU
		{8B800A1C-E148-4F4D-AB56-0D597EDDB56C}.Debug|x86.ActiveCfg = Debug|Any CPU
		{8B800A1C-E148-4F4D-AB56-0D597EDDB56C}.Release|Any CPU.ActiveCfg = Release|Any CPU
		{8B800A1C-E148-4F4D-AB56-0D597EDDB56C}.Release|Any CPU.Build.0 = Release|Any CPU
		{8B800A1C-E148-4F4D-AB56-0D597EDDB56C}.Release|Mixed Platforms.ActiveCfg = Release|Any CPU
		{8B800A1C-E148-4F4D-AB56-0D597EDDB56C}.Release|Mixed Platforms.Build.0 = Release|Any CPU
		{8B800A1C-E148-4F4D-AB56-0D597EDDB56C}.Release|x64.ActiveCfg = Release|Any CPU
		{8B800A1C-E148-4F4D-AB56-0D597EDDB56C}.Release|x64.Build.0 = Release|Any CPU
		{8B800A1C-E148-4F4D-AB56-0D597EDDB56C}.Release|x86.ActiveCfg = Release|Any CPU
		{17CFE0CF-5931-41F0-B06C-6D5963B55080}.Debug|Any CPU.ActiveCfg = Debug|Any CPU
		{17CFE0CF-5931-41F0-B06C-6D5963B55080}.Debug|Any CPU.Build.0 = Debug|Any CPU
		{17CFE0CF-5931-41F0-B06C-6D5963B55080}.Debug|Mixed Platforms.ActiveCfg = Debug|Any CPU
		{17CFE0CF-5931-41F0-B06C-6D5963B55080}.Debug|Mixed Platforms.Build.0 = Debug|Any CPU
		{17CFE0CF-5931-41F0-B06C-6D5963B55080}.Debug|x64.ActiveCfg = Debug|Any CPU
		{17CFE0CF-5931-41F0-B06C-6D5963B55080}.Debug|x64.Build.0 = Debug|Any CPU
		{17CFE0CF-5931-41F0-B06C-6D5963B55080}.Debug|x86.ActiveCfg = Debug|Any CPU
		{17CFE0CF-5931-41F0-B06C-6D5963B55080}.Release|Any CPU.ActiveCfg = Release|Any CPU
		{17CFE0CF-5931-41F0-B06C-6D5963B55080}.Release|Any CPU.Build.0 = Release|Any CPU
		{17CFE0CF-5931-41F0-B06C-6D5963B55080}.Release|Mixed Platforms.ActiveCfg = Release|Any CPU
		{17CFE0CF-5931-41F0-B06C-6D5963B55080}.Release|Mixed Platforms.Build.0 = Release|Any CPU
		{17CFE0CF-5931-41F0-B06C-6D5963B55080}.Release|x64.ActiveCfg = Release|Any CPU
		{17CFE0CF-5931-41F0-B06C-6D5963B55080}.Release|x64.Build.0 = Release|Any CPU
		{17CFE0CF-5931-41F0-B06C-6D5963B55080}.Release|x86.ActiveCfg = Release|Any CPU
		{65EB5AF6-2942-4C54-B484-D0A2710C0DE5}.Debug|Any CPU.ActiveCfg = Debug|Any CPU
		{65EB5AF6-2942-4C54-B484-D0A2710C0DE5}.Debug|Any CPU.Build.0 = Debug|Any CPU
		{65EB5AF6-2942-4C54-B484-D0A2710C0DE5}.Debug|Mixed Platforms.ActiveCfg = Debug|Any CPU
		{65EB5AF6-2942-4C54-B484-D0A2710C0DE5}.Debug|Mixed Platforms.Build.0 = Debug|Any CPU
		{65EB5AF6-2942-4C54-B484-D0A2710C0DE5}.Debug|x64.ActiveCfg = Debug|Any CPU
		{65EB5AF6-2942-4C54-B484-D0A2710C0DE5}.Debug|x64.Build.0 = Debug|Any CPU
		{65EB5AF6-2942-4C54-B484-D0A2710C0DE5}.Debug|x86.ActiveCfg = Debug|Any CPU
		{65EB5AF6-2942-4C54-B484-D0A2710C0DE5}.Release|Any CPU.ActiveCfg = Release|Any CPU
		{65EB5AF6-2942-4C54-B484-D0A2710C0DE5}.Release|Any CPU.Build.0 = Release|Any CPU
		{65EB5AF6-2942-4C54-B484-D0A2710C0DE5}.Release|Mixed Platforms.ActiveCfg = Release|Any CPU
		{65EB5AF6-2942-4C54-B484-D0A2710C0DE5}.Release|Mixed Platforms.Build.0 = Release|Any CPU
		{65EB5AF6-2942-4C54-B484-D0A2710C0DE5}.Release|x64.ActiveCfg = Release|Any CPU
		{65EB5AF6-2942-4C54-B484-D0A2710C0DE5}.Release|x64.Build.0 = Release|Any CPU
		{65EB5AF6-2942-4C54-B484-D0A2710C0DE5}.Release|x86.ActiveCfg = Release|Any CPU
		{CD3CE5B4-1AD4-4C4F-A56E-04857BD2FF40}.Debug|Any CPU.ActiveCfg = Debug|Any CPU
		{CD3CE5B4-1AD4-4C4F-A56E-04857BD2FF40}.Debug|Any CPU.Build.0 = Debug|Any CPU
		{CD3CE5B4-1AD4-4C4F-A56E-04857BD2FF40}.Debug|Mixed Platforms.ActiveCfg = Debug|Any CPU
		{CD3CE5B4-1AD4-4C4F-A56E-04857BD2FF40}.Debug|Mixed Platforms.Build.0 = Debug|Any CPU
		{CD3CE5B4-1AD4-4C4F-A56E-04857BD2FF40}.Debug|x64.ActiveCfg = Debug|Any CPU
		{CD3CE5B4-1AD4-4C4F-A56E-04857BD2FF40}.Debug|x64.Build.0 = Debug|Any CPU
		{CD3CE5B4-1AD4-4C4F-A56E-04857BD2FF40}.Debug|x86.ActiveCfg = Debug|Any CPU
		{CD3CE5B4-1AD4-4C4F-A56E-04857BD2FF40}.Release|Any CPU.ActiveCfg = Release|Any CPU
		{CD3CE5B4-1AD4-4C4F-A56E-04857BD2FF40}.Release|Any CPU.Build.0 = Release|Any CPU
		{CD3CE5B4-1AD4-4C4F-A56E-04857BD2FF40}.Release|Mixed Platforms.ActiveCfg = Release|Any CPU
		{CD3CE5B4-1AD4-4C4F-A56E-04857BD2FF40}.Release|Mixed Platforms.Build.0 = Release|Any CPU
		{CD3CE5B4-1AD4-4C4F-A56E-04857BD2FF40}.Release|x64.ActiveCfg = Release|Any CPU
		{CD3CE5B4-1AD4-4C4F-A56E-04857BD2FF40}.Release|x64.Build.0 = Release|Any CPU
		{CD3CE5B4-1AD4-4C4F-A56E-04857BD2FF40}.Release|x86.ActiveCfg = Release|Any CPU
		{05FCEAB5-3889-427B-A172-A14A25FE610A}.Debug|Any CPU.ActiveCfg = Debug|Any CPU
		{05FCEAB5-3889-427B-A172-A14A25FE610A}.Debug|Any CPU.Build.0 = Debug|Any CPU
		{05FCEAB5-3889-427B-A172-A14A25FE610A}.Debug|Mixed Platforms.ActiveCfg = Debug|Any CPU
		{05FCEAB5-3889-427B-A172-A14A25FE610A}.Debug|Mixed Platforms.Build.0 = Debug|Any CPU
		{05FCEAB5-3889-427B-A172-A14A25FE610A}.Debug|x64.ActiveCfg = Debug|x64
		{05FCEAB5-3889-427B-A172-A14A25FE610A}.Debug|x64.Build.0 = Debug|x64
		{05FCEAB5-3889-427B-A172-A14A25FE610A}.Debug|x86.ActiveCfg = Debug|Any CPU
		{05FCEAB5-3889-427B-A172-A14A25FE610A}.Debug|x86.Build.0 = Debug|Any CPU
		{05FCEAB5-3889-427B-A172-A14A25FE610A}.Release|Any CPU.ActiveCfg = Release|Any CPU
		{05FCEAB5-3889-427B-A172-A14A25FE610A}.Release|Any CPU.Build.0 = Release|Any CPU
		{05FCEAB5-3889-427B-A172-A14A25FE610A}.Release|Mixed Platforms.ActiveCfg = Release|Any CPU
		{05FCEAB5-3889-427B-A172-A14A25FE610A}.Release|Mixed Platforms.Build.0 = Release|Any CPU
		{05FCEAB5-3889-427B-A172-A14A25FE610A}.Release|x64.ActiveCfg = Release|x64
		{05FCEAB5-3889-427B-A172-A14A25FE610A}.Release|x64.Build.0 = Release|x64
		{05FCEAB5-3889-427B-A172-A14A25FE610A}.Release|x86.ActiveCfg = Release|Any CPU
		{05FCEAB5-3889-427B-A172-A14A25FE610A}.Release|x86.Build.0 = Release|Any CPU
		{E7D78CD2-665B-4B30-879C-4038FF077FD5}.Debug|Any CPU.ActiveCfg = Debug|Any CPU
		{E7D78CD2-665B-4B30-879C-4038FF077FD5}.Debug|Any CPU.Build.0 = Debug|Any CPU
		{E7D78CD2-665B-4B30-879C-4038FF077FD5}.Debug|Mixed Platforms.ActiveCfg = Debug|Any CPU
		{E7D78CD2-665B-4B30-879C-4038FF077FD5}.Debug|Mixed Platforms.Build.0 = Debug|Any CPU
		{E7D78CD2-665B-4B30-879C-4038FF077FD5}.Debug|x64.ActiveCfg = Debug|x64
		{E7D78CD2-665B-4B30-879C-4038FF077FD5}.Debug|x64.Build.0 = Debug|x64
		{E7D78CD2-665B-4B30-879C-4038FF077FD5}.Debug|x86.ActiveCfg = Debug|Any CPU
		{E7D78CD2-665B-4B30-879C-4038FF077FD5}.Debug|x86.Build.0 = Debug|Any CPU
		{E7D78CD2-665B-4B30-879C-4038FF077FD5}.Release|Any CPU.ActiveCfg = Release|Any CPU
		{E7D78CD2-665B-4B30-879C-4038FF077FD5}.Release|Any CPU.Build.0 = Release|Any CPU
		{E7D78CD2-665B-4B30-879C-4038FF077FD5}.Release|Mixed Platforms.ActiveCfg = Release|Any CPU
		{E7D78CD2-665B-4B30-879C-4038FF077FD5}.Release|Mixed Platforms.Build.0 = Release|Any CPU
		{E7D78CD2-665B-4B30-879C-4038FF077FD5}.Release|x64.ActiveCfg = Release|x64
		{E7D78CD2-665B-4B30-879C-4038FF077FD5}.Release|x64.Build.0 = Release|x64
		{E7D78CD2-665B-4B30-879C-4038FF077FD5}.Release|x86.ActiveCfg = Release|Any CPU
		{E7D78CD2-665B-4B30-879C-4038FF077FD5}.Release|x86.Build.0 = Release|Any CPU
		{EAA42E73-19AB-41B3-8766-99F53BEB2AB9}.Debug|Any CPU.ActiveCfg = Debug|Any CPU
		{EAA42E73-19AB-41B3-8766-99F53BEB2AB9}.Debug|Any CPU.Build.0 = Debug|Any CPU
		{EAA42E73-19AB-41B3-8766-99F53BEB2AB9}.Debug|Mixed Platforms.ActiveCfg = Debug|Any CPU
		{EAA42E73-19AB-41B3-8766-99F53BEB2AB9}.Debug|Mixed Platforms.Build.0 = Debug|Any CPU
		{EAA42E73-19AB-41B3-8766-99F53BEB2AB9}.Debug|x64.ActiveCfg = Debug|x64
		{EAA42E73-19AB-41B3-8766-99F53BEB2AB9}.Debug|x64.Build.0 = Debug|x64
		{EAA42E73-19AB-41B3-8766-99F53BEB2AB9}.Debug|x86.ActiveCfg = Debug|Any CPU
		{EAA42E73-19AB-41B3-8766-99F53BEB2AB9}.Debug|x86.Build.0 = Debug|Any CPU
		{EAA42E73-19AB-41B3-8766-99F53BEB2AB9}.Release|Any CPU.ActiveCfg = Release|Any CPU
		{EAA42E73-19AB-41B3-8766-99F53BEB2AB9}.Release|Any CPU.Build.0 = Release|Any CPU
		{EAA42E73-19AB-41B3-8766-99F53BEB2AB9}.Release|Mixed Platforms.ActiveCfg = Release|Any CPU
		{EAA42E73-19AB-41B3-8766-99F53BEB2AB9}.Release|Mixed Platforms.Build.0 = Release|Any CPU
		{EAA42E73-19AB-41B3-8766-99F53BEB2AB9}.Release|x64.ActiveCfg = Release|x64
		{EAA42E73-19AB-41B3-8766-99F53BEB2AB9}.Release|x64.Build.0 = Release|x64
		{EAA42E73-19AB-41B3-8766-99F53BEB2AB9}.Release|x86.ActiveCfg = Release|Any CPU
		{EAA42E73-19AB-41B3-8766-99F53BEB2AB9}.Release|x86.Build.0 = Release|Any CPU
		{536C963A-9631-4141-AE25-0CC5A87262A0}.Debug|Any CPU.ActiveCfg = Debug|Any CPU
		{536C963A-9631-4141-AE25-0CC5A87262A0}.Debug|Any CPU.Build.0 = Debug|Any CPU
		{536C963A-9631-4141-AE25-0CC5A87262A0}.Debug|Mixed Platforms.ActiveCfg = Debug|Any CPU
		{536C963A-9631-4141-AE25-0CC5A87262A0}.Debug|Mixed Platforms.Build.0 = Debug|Any CPU
		{536C963A-9631-4141-AE25-0CC5A87262A0}.Debug|x64.ActiveCfg = Debug|Any CPU
		{536C963A-9631-4141-AE25-0CC5A87262A0}.Debug|x64.Build.0 = Debug|Any CPU
		{536C963A-9631-4141-AE25-0CC5A87262A0}.Debug|x86.ActiveCfg = Debug|Any CPU
		{536C963A-9631-4141-AE25-0CC5A87262A0}.Debug|x86.Build.0 = Debug|Any CPU
		{536C963A-9631-4141-AE25-0CC5A87262A0}.Release|Any CPU.ActiveCfg = Release|Any CPU
		{536C963A-9631-4141-AE25-0CC5A87262A0}.Release|Any CPU.Build.0 = Release|Any CPU
		{536C963A-9631-4141-AE25-0CC5A87262A0}.Release|Mixed Platforms.ActiveCfg = Release|Any CPU
		{536C963A-9631-4141-AE25-0CC5A87262A0}.Release|Mixed Platforms.Build.0 = Release|Any CPU
		{536C963A-9631-4141-AE25-0CC5A87262A0}.Release|x64.ActiveCfg = Release|Any CPU
		{536C963A-9631-4141-AE25-0CC5A87262A0}.Release|x64.Build.0 = Release|Any CPU
		{536C963A-9631-4141-AE25-0CC5A87262A0}.Release|x86.ActiveCfg = Release|Any CPU
		{536C963A-9631-4141-AE25-0CC5A87262A0}.Release|x86.Build.0 = Release|Any CPU
		{BCFF2479-1713-4AF1-91B9-9A819DC2106F}.Debug|Any CPU.ActiveCfg = Debug|Any CPU
		{BCFF2479-1713-4AF1-91B9-9A819DC2106F}.Debug|Any CPU.Build.0 = Debug|Any CPU
		{BCFF2479-1713-4AF1-91B9-9A819DC2106F}.Debug|Mixed Platforms.ActiveCfg = Debug|Any CPU
		{BCFF2479-1713-4AF1-91B9-9A819DC2106F}.Debug|Mixed Platforms.Build.0 = Debug|Any CPU
		{BCFF2479-1713-4AF1-91B9-9A819DC2106F}.Debug|x64.ActiveCfg = Debug|Any CPU
		{BCFF2479-1713-4AF1-91B9-9A819DC2106F}.Debug|x64.Build.0 = Debug|Any CPU
		{BCFF2479-1713-4AF1-91B9-9A819DC2106F}.Debug|x86.ActiveCfg = Debug|Any CPU
		{BCFF2479-1713-4AF1-91B9-9A819DC2106F}.Debug|x86.Build.0 = Debug|Any CPU
		{BCFF2479-1713-4AF1-91B9-9A819DC2106F}.Release|Any CPU.ActiveCfg = Release|Any CPU
		{BCFF2479-1713-4AF1-91B9-9A819DC2106F}.Release|Any CPU.Build.0 = Release|Any CPU
		{BCFF2479-1713-4AF1-91B9-9A819DC2106F}.Release|Mixed Platforms.ActiveCfg = Release|Any CPU
		{BCFF2479-1713-4AF1-91B9-9A819DC2106F}.Release|Mixed Platforms.Build.0 = Release|Any CPU
		{BCFF2479-1713-4AF1-91B9-9A819DC2106F}.Release|x64.ActiveCfg = Release|Any CPU
		{BCFF2479-1713-4AF1-91B9-9A819DC2106F}.Release|x64.Build.0 = Release|Any CPU
		{BCFF2479-1713-4AF1-91B9-9A819DC2106F}.Release|x86.ActiveCfg = Release|Any CPU
		{BCFF2479-1713-4AF1-91B9-9A819DC2106F}.Release|x86.Build.0 = Release|Any CPU
		{DE2C4C48-1211-498B-B44D-82910A4EE61A}.Debug|Any CPU.ActiveCfg = Debug|Any CPU
		{DE2C4C48-1211-498B-B44D-82910A4EE61A}.Debug|Any CPU.Build.0 = Debug|Any CPU
		{DE2C4C48-1211-498B-B44D-82910A4EE61A}.Debug|Mixed Platforms.ActiveCfg = Debug|Any CPU
		{DE2C4C48-1211-498B-B44D-82910A4EE61A}.Debug|Mixed Platforms.Build.0 = Debug|Any CPU
		{DE2C4C48-1211-498B-B44D-82910A4EE61A}.Debug|x64.ActiveCfg = Debug|Any CPU
		{DE2C4C48-1211-498B-B44D-82910A4EE61A}.Debug|x64.Build.0 = Debug|Any CPU
		{DE2C4C48-1211-498B-B44D-82910A4EE61A}.Debug|x86.ActiveCfg = Debug|Any CPU
		{DE2C4C48-1211-498B-B44D-82910A4EE61A}.Debug|x86.Build.0 = Debug|Any CPU
		{DE2C4C48-1211-498B-B44D-82910A4EE61A}.Release|Any CPU.ActiveCfg = Release|Any CPU
		{DE2C4C48-1211-498B-B44D-82910A4EE61A}.Release|Any CPU.Build.0 = Release|Any CPU
		{DE2C4C48-1211-498B-B44D-82910A4EE61A}.Release|Mixed Platforms.ActiveCfg = Release|Any CPU
		{DE2C4C48-1211-498B-B44D-82910A4EE61A}.Release|Mixed Platforms.Build.0 = Release|Any CPU
		{DE2C4C48-1211-498B-B44D-82910A4EE61A}.Release|x64.ActiveCfg = Release|Any CPU
		{DE2C4C48-1211-498B-B44D-82910A4EE61A}.Release|x64.Build.0 = Release|Any CPU
		{DE2C4C48-1211-498B-B44D-82910A4EE61A}.Release|x86.ActiveCfg = Release|Any CPU
		{DE2C4C48-1211-498B-B44D-82910A4EE61A}.Release|x86.Build.0 = Release|Any CPU
		{A3C3EF2D-7A9E-47FA-AA64-862DB91814EA}.Debug|Any CPU.ActiveCfg = Debug|Any CPU
		{A3C3EF2D-7A9E-47FA-AA64-862DB91814EA}.Debug|Any CPU.Build.0 = Debug|Any CPU
		{A3C3EF2D-7A9E-47FA-AA64-862DB91814EA}.Debug|Mixed Platforms.ActiveCfg = Debug|Any CPU
		{A3C3EF2D-7A9E-47FA-AA64-862DB91814EA}.Debug|Mixed Platforms.Build.0 = Debug|Any CPU
		{A3C3EF2D-7A9E-47FA-AA64-862DB91814EA}.Debug|x64.ActiveCfg = Debug|Any CPU
		{A3C3EF2D-7A9E-47FA-AA64-862DB91814EA}.Debug|x64.Build.0 = Debug|Any CPU
		{A3C3EF2D-7A9E-47FA-AA64-862DB91814EA}.Debug|x86.ActiveCfg = Debug|Any CPU
		{A3C3EF2D-7A9E-47FA-AA64-862DB91814EA}.Debug|x86.Build.0 = Debug|Any CPU
		{A3C3EF2D-7A9E-47FA-AA64-862DB91814EA}.Release|Any CPU.ActiveCfg = Release|Any CPU
		{A3C3EF2D-7A9E-47FA-AA64-862DB91814EA}.Release|Any CPU.Build.0 = Release|Any CPU
		{A3C3EF2D-7A9E-47FA-AA64-862DB91814EA}.Release|Mixed Platforms.ActiveCfg = Release|Any CPU
		{A3C3EF2D-7A9E-47FA-AA64-862DB91814EA}.Release|Mixed Platforms.Build.0 = Release|Any CPU
		{A3C3EF2D-7A9E-47FA-AA64-862DB91814EA}.Release|x64.ActiveCfg = Release|Any CPU
		{A3C3EF2D-7A9E-47FA-AA64-862DB91814EA}.Release|x64.Build.0 = Release|Any CPU
		{A3C3EF2D-7A9E-47FA-AA64-862DB91814EA}.Release|x86.ActiveCfg = Release|Any CPU
		{A3C3EF2D-7A9E-47FA-AA64-862DB91814EA}.Release|x86.Build.0 = Release|Any CPU
		{82EC389A-67A4-4F31-9EBD-078DC18EB5D0}.Debug|Any CPU.ActiveCfg = Debug|Any CPU
		{82EC389A-67A4-4F31-9EBD-078DC18EB5D0}.Debug|Any CPU.Build.0 = Debug|Any CPU
		{82EC389A-67A4-4F31-9EBD-078DC18EB5D0}.Debug|Mixed Platforms.ActiveCfg = Debug|Any CPU
		{82EC389A-67A4-4F31-9EBD-078DC18EB5D0}.Debug|Mixed Platforms.Build.0 = Debug|Any CPU
		{82EC389A-67A4-4F31-9EBD-078DC18EB5D0}.Debug|x64.ActiveCfg = Debug|Any CPU
		{82EC389A-67A4-4F31-9EBD-078DC18EB5D0}.Debug|x64.Build.0 = Debug|Any CPU
		{82EC389A-67A4-4F31-9EBD-078DC18EB5D0}.Debug|x86.ActiveCfg = Debug|Any CPU
		{82EC389A-67A4-4F31-9EBD-078DC18EB5D0}.Debug|x86.Build.0 = Debug|Any CPU
		{82EC389A-67A4-4F31-9EBD-078DC18EB5D0}.Release|Any CPU.ActiveCfg = Release|Any CPU
		{82EC389A-67A4-4F31-9EBD-078DC18EB5D0}.Release|Any CPU.Build.0 = Release|Any CPU
		{82EC389A-67A4-4F31-9EBD-078DC18EB5D0}.Release|Mixed Platforms.ActiveCfg = Release|Any CPU
		{82EC389A-67A4-4F31-9EBD-078DC18EB5D0}.Release|Mixed Platforms.Build.0 = Release|Any CPU
		{82EC389A-67A4-4F31-9EBD-078DC18EB5D0}.Release|x64.ActiveCfg = Release|Any CPU
		{82EC389A-67A4-4F31-9EBD-078DC18EB5D0}.Release|x64.Build.0 = Release|Any CPU
		{82EC389A-67A4-4F31-9EBD-078DC18EB5D0}.Release|x86.ActiveCfg = Release|Any CPU
		{82EC389A-67A4-4F31-9EBD-078DC18EB5D0}.Release|x86.Build.0 = Release|Any CPU
		{C79E0382-22C6-4BFD-9471-6A08E6D8A709}.Debug|Any CPU.ActiveCfg = Debug|Any CPU
		{C79E0382-22C6-4BFD-9471-6A08E6D8A709}.Debug|Any CPU.Build.0 = Debug|Any CPU
		{C79E0382-22C6-4BFD-9471-6A08E6D8A709}.Debug|Mixed Platforms.ActiveCfg = Debug|Any CPU
		{C79E0382-22C6-4BFD-9471-6A08E6D8A709}.Debug|Mixed Platforms.Build.0 = Debug|Any CPU
		{C79E0382-22C6-4BFD-9471-6A08E6D8A709}.Debug|x64.ActiveCfg = Debug|Any CPU
		{C79E0382-22C6-4BFD-9471-6A08E6D8A709}.Debug|x64.Build.0 = Debug|Any CPU
		{C79E0382-22C6-4BFD-9471-6A08E6D8A709}.Debug|x86.ActiveCfg = Debug|Any CPU
		{C79E0382-22C6-4BFD-9471-6A08E6D8A709}.Debug|x86.Build.0 = Debug|Any CPU
		{C79E0382-22C6-4BFD-9471-6A08E6D8A709}.Release|Any CPU.ActiveCfg = Release|Any CPU
		{C79E0382-22C6-4BFD-9471-6A08E6D8A709}.Release|Any CPU.Build.0 = Release|Any CPU
		{C79E0382-22C6-4BFD-9471-6A08E6D8A709}.Release|Mixed Platforms.ActiveCfg = Release|Any CPU
		{C79E0382-22C6-4BFD-9471-6A08E6D8A709}.Release|Mixed Platforms.Build.0 = Release|Any CPU
		{C79E0382-22C6-4BFD-9471-6A08E6D8A709}.Release|x64.ActiveCfg = Release|Any CPU
		{C79E0382-22C6-4BFD-9471-6A08E6D8A709}.Release|x64.Build.0 = Release|Any CPU
		{C79E0382-22C6-4BFD-9471-6A08E6D8A709}.Release|x86.ActiveCfg = Release|Any CPU
		{C79E0382-22C6-4BFD-9471-6A08E6D8A709}.Release|x86.Build.0 = Release|Any CPU
	EndGlobalSection
	GlobalSection(SolutionProperties) = preSolution
		HideSolutionNode = FALSE
	EndGlobalSection
	GlobalSection(NestedProjects) = preSolution
		{D06F3CD2-DCEF-4D01-AF49-ABD9531A6A5C} = {17B15799-7417-45F1-9FDC-ACC2021F928D}
		{4A98B0E8-F76F-418F-9CD6-070884A92196} = {17B15799-7417-45F1-9FDC-ACC2021F928D}
		{7F57C76B-5687-4F56-85AC-01526B9829C8} = {17B15799-7417-45F1-9FDC-ACC2021F928D}
		{3DC0039B-9EF1-4DDF-8171-54C1DC8F2276} = {17B15799-7417-45F1-9FDC-ACC2021F928D}
	EndGlobalSection
	GlobalSection(ExtensibilityGlobals) = postSolution
		SolutionGuid = {6F8FE139-5270-4420-B09A-79A10F0A9F2A}
		VisualSVNWorkingCopyRoot = ..
	EndGlobalSection
EndGlobal
